// !$*UTF8*$!
{
	archiveVersion = 1;
	classes = {
	};
	objectVersion = 50;
	objects = {

/* Begin PBXBuildFile section */
		BA59881A21768F0F0065D77D /* AppDelegate.swift in Sources */ = {isa = PBXBuildFile; fileRef = BA59881921768F0F0065D77D /* AppDelegate.swift */; };
		BA59881C21768F0F0065D77D /* ViewController.swift in Sources */ = {isa = PBXBuildFile; fileRef = BA59881B21768F0F0065D77D /* ViewController.swift */; };
		BA59881F21768F0F0065D77D /* Main.storyboard in Resources */ = {isa = PBXBuildFile; fileRef = BA59881D21768F0F0065D77D /* Main.storyboard */; };
		BA59882121768F100065D77D /* Assets.xcassets in Resources */ = {isa = PBXBuildFile; fileRef = BA59882021768F100065D77D /* Assets.xcassets */; };
		BA59882421768F100065D77D /* LaunchScreen.storyboard in Resources */ = {isa = PBXBuildFile; fileRef = BA59882221768F100065D77D /* LaunchScreen.storyboard */; };
		BA59882F21768F100065D77D /* ForEventsTests.swift in Sources */ = {isa = PBXBuildFile; fileRef = BA59882E21768F100065D77D /* ForEventsTests.swift */; };
/* End PBXBuildFile section */

/* Begin PBXContainerItemProxy section */
		BA59882B21768F100065D77D /* PBXContainerItemProxy */ = {
			isa = PBXContainerItemProxy;
			containerPortal = BA59880E21768F0F0065D77D /* Project object */;
			proxyType = 1;
			remoteGlobalIDString = BA59881521768F0F0065D77D;
			remoteInfo = ForEvents;
		};
/* End PBXContainerItemProxy section */

/* Begin PBXFileReference section */
		BA59881621768F0F0065D77D /* ForEvents.app */ = {isa = PBXFileReference; explicitFileType = wrapper.application; includeInIndex = 0; path = ForEvents.app; sourceTree = BUILT_PRODUCTS_DIR; };
		BA59881921768F0F0065D77D /* AppDelegate.swift */ = {isa = PBXFileReference; lastKnownFileType = sourcecode.swift; path = AppDelegate.swift; sourceTree = "<group>"; };
		BA59881B21768F0F0065D77D /* ViewController.swift */ = {isa = PBXFileReference; lastKnownFileType = sourcecode.swift; path = ViewController.swift; sourceTree = "<group>"; };
		BA59881E21768F0F0065D77D /* Base */ = {isa = PBXFileReference; lastKnownFileType = file.storyboard; name = Base; path = Base.lproj/Main.storyboard; sourceTree = "<group>"; };
		BA59882021768F100065D77D /* Assets.xcassets */ = {isa = PBXFileReference; lastKnownFileType = folder.assetcatalog; path = Assets.xcassets; sourceTree = "<group>"; };
		BA59882321768F100065D77D /* Base */ = {isa = PBXFileReference; lastKnownFileType = file.storyboard; name = Base; path = Base.lproj/LaunchScreen.storyboard; sourceTree = "<group>"; };
		BA59882521768F100065D77D /* Info.plist */ = {isa = PBXFileReference; lastKnownFileType = text.plist.xml; path = Info.plist; sourceTree = "<group>"; };
		BA59882A21768F100065D77D /* ForEventsTests.xctest */ = {isa = PBXFileReference; explicitFileType = wrapper.cfbundle; includeInIndex = 0; path = ForEventsTests.xctest; sourceTree = BUILT_PRODUCTS_DIR; };
		BA59882E21768F100065D77D /* ForEventsTests.swift */ = {isa = PBXFileReference; lastKnownFileType = sourcecode.swift; path = ForEventsTests.swift; sourceTree = "<group>"; };
		BA59883021768F100065D77D /* Info.plist */ = {isa = PBXFileReference; lastKnownFileType = text.plist.xml; path = Info.plist; sourceTree = "<group>"; };
/* End PBXFileReference section */

/* Begin PBXFrameworksBuildPhase section */
		BA59881321768F0F0065D77D /* Frameworks */ = {
			isa = PBXFrameworksBuildPhase;
			buildActionMask = 2147483647;
			files = (
			);
			runOnlyForDeploymentPostprocessing = 0;
		};
		BA59882721768F100065D77D /* Frameworks */ = {
			isa = PBXFrameworksBuildPhase;
			buildActionMask = 2147483647;
			files = (
			);
			runOnlyForDeploymentPostprocessing = 0;
		};
/* End PBXFrameworksBuildPhase section */

/* Begin PBXGroup section */
		BA59880D21768F0F0065D77D = {
			isa = PBXGroup;
			children = (
				BA59881821768F0F0065D77D /* ForEvents */,
				BA59882D21768F100065D77D /* ForEventsTests */,
				BA59881721768F0F0065D77D /* Products */,
			);
			sourceTree = "<group>";
		};
		BA59881721768F0F0065D77D /* Products */ = {
			isa = PBXGroup;
			children = (
				BA59881621768F0F0065D77D /* ForEvents.app */,
				BA59882A21768F100065D77D /* ForEventsTests.xctest */,
			);
			name = Products;
			sourceTree = "<group>";
		};
		BA59881821768F0F0065D77D /* ForEvents */ = {
			isa = PBXGroup;
			children = (
				BA59881921768F0F0065D77D /* AppDelegate.swift */,
				BA59881B21768F0F0065D77D /* ViewController.swift */,
				BA59881D21768F0F0065D77D /* Main.storyboard */,
				BA59882021768F100065D77D /* Assets.xcassets */,
				BA59882221768F100065D77D /* LaunchScreen.storyboard */,
				BA59882521768F100065D77D /* Info.plist */,
			);
			path = ForEvents;
			sourceTree = "<group>";
		};
		BA59882D21768F100065D77D /* ForEventsTests */ = {
			isa = PBXGroup;
			children = (
				BA59882E21768F100065D77D /* ForEventsTests.swift */,
				BA59883021768F100065D77D /* Info.plist */,
			);
			path = ForEventsTests;
			sourceTree = "<group>";
		};
/* End PBXGroup section */

/* Begin PBXNativeTarget section */
		BA59881521768F0F0065D77D /* ForEvents */ = {
			isa = PBXNativeTarget;
			buildConfigurationList = BA59883321768F100065D77D /* Build configuration list for PBXNativeTarget "ForEvents" */;
			buildPhases = (
				BA59881221768F0F0065D77D /* Sources */,
				BA59881321768F0F0065D77D /* Frameworks */,
				BA59881421768F0F0065D77D /* Resources */,
			);
			buildRules = (
			);
			dependencies = (
			);
			name = ForEvents;
			productName = ForEvents;
			productReference = BA59881621768F0F0065D77D /* ForEvents.app */;
			productType = "com.apple.product-type.application";
		};
		BA59882921768F100065D77D /* ForEventsTests */ = {
			isa = PBXNativeTarget;
			buildConfigurationList = BA59883621768F100065D77D /* Build configuration list for PBXNativeTarget "ForEventsTests" */;
			buildPhases = (
				BA59882621768F100065D77D /* Sources */,
				BA59882721768F100065D77D /* Frameworks */,
				BA59882821768F100065D77D /* Resources */,
			);
			buildRules = (
			);
			dependencies = (
				BA59882C21768F100065D77D /* PBXTargetDependency */,
			);
			name = ForEventsTests;
			productName = ForEventsTests;
			productReference = BA59882A21768F100065D77D /* ForEventsTests.xctest */;
			productType = "com.apple.product-type.bundle.unit-test";
		};
/* End PBXNativeTarget section */

/* Begin PBXProject section */
		BA59880E21768F0F0065D77D /* Project object */ = {
			isa = PBXProject;
			attributes = {
				LastSwiftUpdateCheck = 1000;
				LastUpgradeCheck = 1000;
				ORGANIZATIONNAME = 4Everyoung.group;
				TargetAttributes = {
					BA59881521768F0F0065D77D = {
						CreatedOnToolsVersion = 10.0;
					};
					BA59882921768F100065D77D = {
						CreatedOnToolsVersion = 10.0;
						TestTargetID = BA59881521768F0F0065D77D;
					};
				};
			};
			buildConfigurationList = BA59881121768F0F0065D77D /* Build configuration list for PBXProject "ForEvents" */;
			compatibilityVersion = "Xcode 9.3";
			developmentRegion = en;
			hasScannedForEncodings = 0;
			knownRegions = (
				en,
				Base,
			);
			mainGroup = BA59880D21768F0F0065D77D;
			productRefGroup = BA59881721768F0F0065D77D /* Products */;
			projectDirPath = "";
			projectRoot = "";
			targets = (
				BA59881521768F0F0065D77D /* ForEvents */,
				BA59882921768F100065D77D /* ForEventsTests */,
			);
		};
/* End PBXProject section */

/* Begin PBXResourcesBuildPhase section */
		BA59881421768F0F0065D77D /* Resources */ = {
			isa = PBXResourcesBuildPhase;
			buildActionMask = 2147483647;
			files = (
				BA59882421768F100065D77D /* LaunchScreen.storyboard in Resources */,
				BA59882121768F100065D77D /* Assets.xcassets in Resources */,
				BA59881F21768F0F0065D77D /* Main.storyboard in Resources */,
			);
			runOnlyForDeploymentPostprocessing = 0;
		};
		BA59882821768F100065D77D /* Resources */ = {
			isa = PBXResourcesBuildPhase;
			buildActionMask = 2147483647;
			files = (
			);
			runOnlyForDeploymentPostprocessing = 0;
		};
/* End PBXResourcesBuildPhase section */

/* Begin PBXSourcesBuildPhase section */
		BA59881221768F0F0065D77D /* Sources */ = {
			isa = PBXSourcesBuildPhase;
			buildActionMask = 2147483647;
			files = (
				BA59881C21768F0F0065D77D /* ViewController.swift in Sources */,
				BA59881A21768F0F0065D77D /* AppDelegate.swift in Sources */,
			);
			runOnlyForDeploymentPostprocessing = 0;
		};
		BA59882621768F100065D77D /* Sources */ = {
			isa = PBXSourcesBuildPhase;
			buildActionMask = 2147483647;
			files = (
				BA59882F21768F100065D77D /* ForEventsTests.swift in Sources */,
			);
			runOnlyForDeploymentPostprocessing = 0;
		};
/* End PBXSourcesBuildPhase section */

/* Begin PBXTargetDependency section */
		BA59882C21768F100065D77D /* PBXTargetDependency */ = {
			isa = PBXTargetDependency;
			target = BA59881521768F0F0065D77D /* ForEvents */;
			targetProxy = BA59882B21768F100065D77D /* PBXContainerItemProxy */;
		};
/* End PBXTargetDependency section */

/* Begin PBXVariantGroup section */
		BA59881D21768F0F0065D77D /* Main.storyboard */ = {
			isa = PBXVariantGroup;
			children = (
				BA59881E21768F0F0065D77D /* Base */,
			);
			name = Main.storyboard;
			sourceTree = "<group>";
		};
		BA59882221768F100065D77D /* LaunchScreen.storyboard */ = {
			isa = PBXVariantGroup;
			children = (
				BA59882321768F100065D77D /* Base */,
			);
			name = LaunchScreen.storyboard;
			sourceTree = "<group>";
		};
/* End PBXVariantGroup section */

/* Begin XCBuildConfiguration section */
		BA59883121768F100065D77D /* Debug */ = {
			isa = XCBuildConfiguration;
			buildSettings = {
				ALWAYS_SEARCH_USER_PATHS = NO;
				CLANG_ANALYZER_NONNULL = YES;
				CLANG_ANALYZER_NUMBER_OBJECT_CONVERSION = YES_AGGRESSIVE;
				CLANG_CXX_LANGUAGE_STANDARD = "gnu++14";
				CLANG_CXX_LIBRARY = "libc++";
				CLANG_ENABLE_MODULES = YES;
				CLANG_ENABLE_OBJC_ARC = YES;
				CLANG_ENABLE_OBJC_WEAK = YES;
				CLANG_WARN_BLOCK_CAPTURE_AUTORELEASING = YES;
				CLANG_WARN_BOOL_CONVERSION = YES;
				CLANG_WARN_COMMA = YES;
				CLANG_WARN_CONSTANT_CONVERSION = YES;
				CLANG_WARN_DEPRECATED_OBJC_IMPLEMENTATIONS = YES;
				CLANG_WARN_DIRECT_OBJC_ISA_USAGE = YES_ERROR;
				CLANG_WARN_DOCUMENTATION_COMMENTS = YES;
				CLANG_WARN_EMPTY_BODY = YES;
				CLANG_WARN_ENUM_CONVERSION = YES;
				CLANG_WARN_INFINITE_RECURSION = YES;
				CLANG_WARN_INT_CONVERSION = YES;
				CLANG_WARN_NON_LITERAL_NULL_CONVERSION = YES;
				CLANG_WARN_OBJC_IMPLICIT_RETAIN_SELF = YES;
				CLANG_WARN_OBJC_LITERAL_CONVERSION = YES;
				CLANG_WARN_OBJC_ROOT_CLASS = YES_ERROR;
				CLANG_WARN_RANGE_LOOP_ANALYSIS = YES;
				CLANG_WARN_STRICT_PROTOTYPES = YES;
				CLANG_WARN_SUSPICIOUS_MOVE = YES;
				CLANG_WARN_UNGUARDED_AVAILABILITY = YES_AGGRESSIVE;
				CLANG_WARN_UNREACHABLE_CODE = YES;
				CLANG_WARN__DUPLICATE_METHOD_MATCH = YES;
				CODE_SIGN_IDENTITY = "iPhone Developer";
				COPY_PHASE_STRIP = NO;
				DEBUG_INFORMATION_FORMAT = dwarf;
				ENABLE_STRICT_OBJC_MSGSEND = YES;
				ENABLE_TESTABILITY = YES;
				GCC_C_LANGUAGE_STANDARD = gnu11;
				GCC_DYNAMIC_NO_PIC = NO;
				GCC_NO_COMMON_BLOCKS = YES;
				GCC_OPTIMIZATION_LEVEL = 0;
				GCC_PREPROCESSOR_DEFINITIONS = (
					"DEBUG=1",
					"$(inherited)",
				);
				GCC_WARN_64_TO_32_BIT_CONVERSION = YES;
				GCC_WARN_ABOUT_RETURN_TYPE = YES_ERROR;
				GCC_WARN_UNDECLARED_SELECTOR = YES;
				GCC_WARN_UNINITIALIZED_AUTOS = YES_AGGRESSIVE;
				GCC_WARN_UNUSED_FUNCTION = YES;
				GCC_WARN_UNUSED_VARIABLE = YES;
				IPHONEOS_DEPLOYMENT_TARGET = 12.0;
				MTL_ENABLE_DEBUG_INFO = INCLUDE_SOURCE;
				MTL_FAST_MATH = YES;
				ONLY_ACTIVE_ARCH = YES;
				SDKROOT = iphoneos;
				SWIFT_ACTIVE_COMPILATION_CONDITIONS = DEBUG;
				SWIFT_OPTIMIZATION_LEVEL = "-Onone";
			};
			name = Debug;
		};
		BA59883221768F100065D77D /* Release */ = {
			isa = XCBuildConfiguration;
			buildSettings = {
				ALWAYS_SEARCH_USER_PATHS = NO;
				CLANG_ANALYZER_NONNULL = YES;
				CLANG_ANALYZER_NUMBER_OBJECT_CONVERSION = YES_AGGRESSIVE;
				CLANG_CXX_LANGUAGE_STANDARD = "gnu++14";
				CLANG_CXX_LIBRARY = "libc++";
				CLANG_ENABLE_MODULES = YES;
				CLANG_ENABLE_OBJC_ARC = YES;
				CLANG_ENABLE_OBJC_WEAK = YES;
				CLANG_WARN_BLOCK_CAPTURE_AUTORELEASING = YES;
				CLANG_WARN_BOOL_CONVERSION = YES;
				CLANG_WARN_COMMA = YES;
				CLANG_WARN_CONSTANT_CONVERSION = YES;
				CLANG_WARN_DEPRECATED_OBJC_IMPLEMENTATIONS = YES;
				CLANG_WARN_DIRECT_OBJC_ISA_USAGE = YES_ERROR;
				CLANG_WARN_DOCUMENTATION_COMMENTS = YES;
				CLANG_WARN_EMPTY_BODY = YES;
				CLANG_WARN_ENUM_CONVERSION = YES;
				CLANG_WARN_INFINITE_RECURSION = YES;
				CLANG_WARN_INT_CONVERSION = YES;
				CLANG_WARN_NON_LITERAL_NULL_CONVERSION = YES;
				CLANG_WARN_OBJC_IMPLICIT_RETAIN_SELF = YES;
				CLANG_WARN_OBJC_LITERAL_CONVERSION = YES;
				CLANG_WARN_OBJC_ROOT_CLASS = YES_ERROR;
				CLANG_WARN_RANGE_LOOP_ANALYSIS = YES;
				CLANG_WARN_STRICT_PROTOTYPES = YES;
				CLANG_WARN_SUSPICIOUS_MOVE = YES;
				CLANG_WARN_UNGUARDED_AVAILABILITY = YES_AGGRESSIVE;
				CLANG_WARN_UNREACHABLE_CODE = YES;
				CLANG_WARN__DUPLICATE_METHOD_MATCH = YES;
				CODE_SIGN_IDENTITY = "iPhone Developer";
				COPY_PHASE_STRIP = NO;
				DEBUG_INFORMATION_FORMAT = "dwarf-with-dsym";
				ENABLE_NS_ASSERTIONS = NO;
				ENABLE_STRICT_OBJC_MSGSEND = YES;
				GCC_C_LANGUAGE_STANDARD = gnu11;
				GCC_NO_COMMON_BLOCKS = YES;
				GCC_WARN_64_TO_32_BIT_CONVERSION = YES;
				GCC_WARN_ABOUT_RETURN_TYPE = YES_ERROR;
				GCC_WARN_UNDECLARED_SELECTOR = YES;
				GCC_WARN_UNINITIALIZED_AUTOS = YES_AGGRESSIVE;
				GCC_WARN_UNUSED_FUNCTION = YES;
				GCC_WARN_UNUSED_VARIABLE = YES;
				IPHONEOS_DEPLOYMENT_TARGET = 12.0;
				MTL_ENABLE_DEBUG_INFO = NO;
				MTL_FAST_MATH = YES;
				SDKROOT = iphoneos;
				SWIFT_COMPILATION_MODE = wholemodule;
				SWIFT_OPTIMIZATION_LEVEL = "-O";
				VALIDATE_PRODUCT = YES;
			};
			name = Release;
		};
		BA59883421768F100065D77D /* Debug */ = {
			isa = XCBuildConfiguration;
			buildSettings = {
				ASSETCATALOG_COMPILER_APPICON_NAME = AppIcon;
				CODE_SIGN_STYLE = Automatic;
				INFOPLIST_FILE = ForEvents/Info.plist;
				LD_RUNPATH_SEARCH_PATHS = (
					"$(inherited)",
					"@executable_path/Frameworks",
				);
				PRODUCT_BUNDLE_IDENTIFIER = net.4events.ForEvents;
				PRODUCT_NAME = "$(TARGET_NAME)";
				SWIFT_VERSION = 4.2;
				TARGETED_DEVICE_FAMILY = "1,2";
			};
			name = Debug;
		};
		BA59883521768F100065D77D /* Release */ = {
			isa = XCBuildConfiguration;
			buildSettings = {
				ASSETCATALOG_COMPILER_APPICON_NAME = AppIcon;
				CODE_SIGN_STYLE = Automatic;
				INFOPLIST_FILE = ForEvents/Info.plist;
				LD_RUNPATH_SEARCH_PATHS = (
					"$(inherited)",
					"@executable_path/Frameworks",
				);
				PRODUCT_BUNDLE_IDENTIFIER = net.4events.ForEvents;
				PRODUCT_NAME = "$(TARGET_NAME)";
				SWIFT_VERSION = 4.2;
				TARGETED_DEVICE_FAMILY = "1,2";
			};
			name = Release;
		};
		BA59883721768F100065D77D /* Debug */ = {
			isa = XCBuildConfiguration;
			buildSettings = {
				ALWAYS_EMBED_SWIFT_STANDARD_LIBRARIES = YES;
				BUNDLE_LOADER = "$(TEST_HOST)";
				CODE_SIGN_STYLE = Automatic;
				INFOPLIST_FILE = ForEventsTests/Info.plist;
				LD_RUNPATH_SEARCH_PATHS = (
					"$(inherited)",
					"@executable_path/Frameworks",
					"@loader_path/Frameworks",
				);
				PRODUCT_BUNDLE_IDENTIFIER = net.4events.ForEventsTests;
				PRODUCT_NAME = "$(TARGET_NAME)";
				SWIFT_VERSION = 4.2;
				TARGETED_DEVICE_FAMILY = "1,2";
				TEST_HOST = "$(BUILT_PRODUCTS_DIR)/ForEvents.app/ForEvents";
			};
			name = Debug;
		};
		BA59883821768F100065D77D /* Release */ = {
			isa = XCBuildConfiguration;
			buildSettings = {
				ALWAYS_EMBED_SWIFT_STANDARD_LIBRARIES = YES;
				BUNDLE_LOADER = "$(TEST_HOST)";
				CODE_SIGN_STYLE = Automatic;
				INFOPLIST_FILE = ForEventsTests/Info.plist;
				LD_RUNPATH_SEARCH_PATHS = (
					"$(inherited)",
					"@executable_path/Frameworks",
					"@loader_path/Frameworks",
				);
				PRODUCT_BUNDLE_IDENTIFIER = net.4events.ForEventsTests;
				PRODUCT_NAME = "$(TARGET_NAME)";
				SWIFT_VERSION = 4.2;
				TARGETED_DEVICE_FAMILY = "1,2";
				TEST_HOST = "$(BUILT_PRODUCTS_DIR)/ForEvents.app/ForEvents";
			};
			name = Release;
		};
/* End XCBuildConfiguration section */

/* Begin XCConfigurationList section */
		BA59881121768F0F0065D77D /* Build configuration list for PBXProject "ForEvents" */ = {
			isa = XCConfigurationList;
			buildConfigurations = (
				BA59883121768F100065D77D /* Debug */,
				BA59883221768F100065D77D /* Release */,
			);
			defaultConfigurationIsVisible = 0;
			defaultConfigurationName = Release;
		};
		BA59883321768F100065D77D /* Build configuration list for PBXNativeTarget "ForEvents" */ = {
			isa = XCConfigurationList;
			buildConfigurations = (
				BA59883421768F100065D77D /* Debug */,
				BA59883521768F100065D77D /* Release */,
			);
			defaultConfigurationIsVisible = 0;
			defaultConfigurationName = Release;
		};
		BA59883621768F100065D77D /* Build configuration list for PBXNativeTarget "ForEventsTests" */ = {
			isa = XCConfigurationList;
			buildConfigurations = (
				BA59883721768F100065D77D /* Debug */,
				BA59883821768F100065D77D /* Release */,
			);
			defaultConfigurationIsVisible = 0;
			defaultConfigurationName = Release;
		};
/* End XCConfigurationList section */
	};
	rootObject = BA59880E21768F0F0065D77D /* Project object */;
}
