// !$*UTF8*$!
{
	archiveVersion = 1;
	classes = {
	};
	objectVersion = 50;
	objects = {

/* Begin PBXBuildFile section */
		6AA6434291FCE4FC56E01430 /* Pods_ForEvents.framework in Frameworks */ = {isa = PBXBuildFile; fileRef = 9C105BB7677DFCF0CBFD4AC7 /* Pods_ForEvents.framework */; };
		A709ADFA605E282969AA5840 /* Pods_ForEventsTests.framework in Frameworks */ = {isa = PBXBuildFile; fileRef = 9820569C11C02EFE44C387A7 /* Pods_ForEventsTests.framework */; };
		BA47754221831E5E00B8AA40 /* UserLogin.swift in Sources */ = {isa = PBXBuildFile; fileRef = BA47754121831E5E00B8AA40 /* UserLogin.swift */; };
		BA4775442183225400B8AA40 /* LoginUserInteractor.swift in Sources */ = {isa = PBXBuildFile; fileRef = BA4775432183225400B8AA40 /* LoginUserInteractor.swift */; };
		BA4775462183230B00B8AA40 /* LoginUserInteractorNSURLSessionImpl.swift in Sources */ = {isa = PBXBuildFile; fileRef = BA4775452183230B00B8AA40 /* LoginUserInteractorNSURLSessionImpl.swift */; };
		BA59881A21768F0F0065D77D /* AppDelegate.swift in Sources */ = {isa = PBXBuildFile; fileRef = BA59881921768F0F0065D77D /* AppDelegate.swift */; };
		BA59882121768F100065D77D /* Assets.xcassets in Resources */ = {isa = PBXBuildFile; fileRef = BA59882021768F100065D77D /* Assets.xcassets */; };
		BA59882421768F100065D77D /* LaunchScreen.storyboard in Resources */ = {isa = PBXBuildFile; fileRef = BA59882221768F100065D77D /* LaunchScreen.storyboard */; };
		BA59882F21768F100065D77D /* ForEventsTests.swift in Sources */ = {isa = PBXBuildFile; fileRef = BA59882E21768F100065D77D /* ForEventsTests.swift */; };
		BA59883A217690C60065D77D /* Podfile in Resources */ = {isa = PBXBuildFile; fileRef = BA598839217690C60065D77D /* Podfile */; };
		BA59883C217691340065D77D /* GoogleService-Info.plist in Resources */ = {isa = PBXBuildFile; fileRef = BA59883B217691340065D77D /* GoogleService-Info.plist */; };
		BA5CF73C21806C9F00419990 /* KeychainTokenItem.swift in Sources */ = {isa = PBXBuildFile; fileRef = BA5CF73B21806C9F00419990 /* KeychainTokenItem.swift */; };
		BA5CF73E21806F8A00419990 /* ValidateToken.swift in Sources */ = {isa = PBXBuildFile; fileRef = BA5CF73D21806F8A00419990 /* ValidateToken.swift */; };
		BA5CF7402180766D00419990 /* LoginTabBarController.swift in Sources */ = {isa = PBXBuildFile; fileRef = BA5CF73F2180766D00419990 /* LoginTabBarController.swift */; };
		BA5CF7432180769400419990 /* LoginViewController.swift in Sources */ = {isa = PBXBuildFile; fileRef = BA5CF7412180769400419990 /* LoginViewController.swift */; };
		BA5CF7442180769400419990 /* RegisterViewController.swift in Sources */ = {isa = PBXBuildFile; fileRef = BA5CF7422180769400419990 /* RegisterViewController.swift */; };
		BA5CF7492180772700419990 /* EventsViewController.swift in Sources */ = {isa = PBXBuildFile; fileRef = BA5CF7452180772700419990 /* EventsViewController.swift */; };
		BA5CF74A2180772700419990 /* MapViewController.swift in Sources */ = {isa = PBXBuildFile; fileRef = BA5CF7462180772700419990 /* MapViewController.swift */; };
		BA5CF74B2180772700419990 /* ProfileViewController.swift in Sources */ = {isa = PBXBuildFile; fileRef = BA5CF7472180772700419990 /* ProfileViewController.swift */; };
		BA5CF74C2180772700419990 /* NotificationsViewController.swift in Sources */ = {isa = PBXBuildFile; fileRef = BA5CF7482180772700419990 /* NotificationsViewController.swift */; };
		BA5CF74F2180777500419990 /* UIviewController+Additions.swift in Sources */ = {isa = PBXBuildFile; fileRef = BA5CF74E2180777500419990 /* UIviewController+Additions.swift */; };
		BA5CF7522180783400419990 /* Typealias.swift in Sources */ = {isa = PBXBuildFile; fileRef = BA5CF7502180783400419990 /* Typealias.swift */; };
		BA5CF7532180783400419990 /* Alerts.swift in Sources */ = {isa = PBXBuildFile; fileRef = BA5CF7512180783400419990 /* Alerts.swift */; };
		BA5CF75A2180788A00419990 /* NotificationsViewController.xib in Resources */ = {isa = PBXBuildFile; fileRef = BA5CF7542180788A00419990 /* NotificationsViewController.xib */; };
		BA5CF75B2180788A00419990 /* ProfileViewController.xib in Resources */ = {isa = PBXBuildFile; fileRef = BA5CF7552180788A00419990 /* ProfileViewController.xib */; };
		BA5CF75C2180788A00419990 /* LoginViewController.xib in Resources */ = {isa = PBXBuildFile; fileRef = BA5CF7562180788A00419990 /* LoginViewController.xib */; };
		BA5CF75D2180788A00419990 /* EventsViewController.xib in Resources */ = {isa = PBXBuildFile; fileRef = BA5CF7572180788A00419990 /* EventsViewController.xib */; };
		BA5CF75E2180788A00419990 /* MapViewController.xib in Resources */ = {isa = PBXBuildFile; fileRef = BA5CF7582180788A00419990 /* MapViewController.xib */; };
		BA5CF75F2180788A00419990 /* RegisterViewController.xib in Resources */ = {isa = PBXBuildFile; fileRef = BA5CF7592180788A00419990 /* RegisterViewController.xib */; };
		BA5CF7612180CDDE00419990 /* Constants.swift in Sources */ = {isa = PBXBuildFile; fileRef = BA5CF7602180CDDE00419990 /* Constants.swift */; };
		BA5CF7632180D0D500419990 /* StringExtensions.swift in Sources */ = {isa = PBXBuildFile; fileRef = BA5CF7622180D0D500419990 /* StringExtensions.swift */; };
		BA602D302181AD320075B64B /* User.swift in Sources */ = {isa = PBXBuildFile; fileRef = BA602D2F2181AD320075B64B /* User.swift */; };
		BA602D322181B6970075B64B /* ExecuteInteractor.swift in Sources */ = {isa = PBXBuildFile; fileRef = BA602D312181B6970075B64B /* ExecuteInteractor.swift */; };
		BA602D342181BB4D0075B64B /* ExecuteInteractorImpl.swift in Sources */ = {isa = PBXBuildFile; fileRef = BA602D332181BB4D0075B64B /* ExecuteInteractorImpl.swift */; };
		BA602D362181BBC40075B64B /* RegisterUserInteractor.swift in Sources */ = {isa = PBXBuildFile; fileRef = BA602D352181BBC40075B64B /* RegisterUserInteractor.swift */; };
		BA602D382181BC9B0075B64B /* RegisterUserInteractorNSURLSessionImpl.swift in Sources */ = {isa = PBXBuildFile; fileRef = BA602D372181BC9B0075B64B /* RegisterUserInteractorNSURLSessionImpl.swift */; };
		BA602D41218226C40075B64B /* ResponseApi.swift in Sources */ = {isa = PBXBuildFile; fileRef = BA602D40218226C40075B64B /* ResponseApi.swift */; };
/* End PBXBuildFile section */

/* Begin PBXContainerItemProxy section */
		BA59882B21768F100065D77D /* PBXContainerItemProxy */ = {
			isa = PBXContainerItemProxy;
			containerPortal = BA59880E21768F0F0065D77D /* Project object */;
			proxyType = 1;
			remoteGlobalIDString = BA59881521768F0F0065D77D;
			remoteInfo = ForEvents;
		};
/* End PBXContainerItemProxy section */

/* Begin PBXFileReference section */
		539569184D7B0A4E48707364 /* Pods-ForEvents.debug.xcconfig */ = {isa = PBXFileReference; includeInIndex = 1; lastKnownFileType = text.xcconfig; name = "Pods-ForEvents.debug.xcconfig"; path = "Pods/Target Support Files/Pods-ForEvents/Pods-ForEvents.debug.xcconfig"; sourceTree = "<group>"; };
		576F42F5B34B733164B0D2E3 /* Pods-ForEventsTests.release.xcconfig */ = {isa = PBXFileReference; includeInIndex = 1; lastKnownFileType = text.xcconfig; name = "Pods-ForEventsTests.release.xcconfig"; path = "Pods/Target Support Files/Pods-ForEventsTests/Pods-ForEventsTests.release.xcconfig"; sourceTree = "<group>"; };
		5E5DCD5C58FDD8799D37E477 /* Pods-ForEventsTests.debug.xcconfig */ = {isa = PBXFileReference; includeInIndex = 1; lastKnownFileType = text.xcconfig; name = "Pods-ForEventsTests.debug.xcconfig"; path = "Pods/Target Support Files/Pods-ForEventsTests/Pods-ForEventsTests.debug.xcconfig"; sourceTree = "<group>"; };
		94B2021C0C5DDA398A29DB0A /* Pods-ForEvents.release.xcconfig */ = {isa = PBXFileReference; includeInIndex = 1; lastKnownFileType = text.xcconfig; name = "Pods-ForEvents.release.xcconfig"; path = "Pods/Target Support Files/Pods-ForEvents/Pods-ForEvents.release.xcconfig"; sourceTree = "<group>"; };
		9820569C11C02EFE44C387A7 /* Pods_ForEventsTests.framework */ = {isa = PBXFileReference; explicitFileType = wrapper.framework; includeInIndex = 0; path = Pods_ForEventsTests.framework; sourceTree = BUILT_PRODUCTS_DIR; };
		9C105BB7677DFCF0CBFD4AC7 /* Pods_ForEvents.framework */ = {isa = PBXFileReference; explicitFileType = wrapper.framework; includeInIndex = 0; path = Pods_ForEvents.framework; sourceTree = BUILT_PRODUCTS_DIR; };
		BA47754121831E5E00B8AA40 /* UserLogin.swift */ = {isa = PBXFileReference; lastKnownFileType = sourcecode.swift; path = UserLogin.swift; sourceTree = "<group>"; };
		BA4775432183225400B8AA40 /* LoginUserInteractor.swift */ = {isa = PBXFileReference; lastKnownFileType = sourcecode.swift; path = LoginUserInteractor.swift; sourceTree = "<group>"; };
		BA4775452183230B00B8AA40 /* LoginUserInteractorNSURLSessionImpl.swift */ = {isa = PBXFileReference; lastKnownFileType = sourcecode.swift; path = LoginUserInteractorNSURLSessionImpl.swift; sourceTree = "<group>"; };
		BA59881621768F0F0065D77D /* ForEvents.app */ = {isa = PBXFileReference; explicitFileType = wrapper.application; includeInIndex = 0; path = ForEvents.app; sourceTree = BUILT_PRODUCTS_DIR; };
		BA59881921768F0F0065D77D /* AppDelegate.swift */ = {isa = PBXFileReference; lastKnownFileType = sourcecode.swift; path = AppDelegate.swift; sourceTree = "<group>"; };
		BA59882021768F100065D77D /* Assets.xcassets */ = {isa = PBXFileReference; lastKnownFileType = folder.assetcatalog; path = Assets.xcassets; sourceTree = "<group>"; };
		BA59882321768F100065D77D /* Base */ = {isa = PBXFileReference; lastKnownFileType = file.storyboard; name = Base; path = Base.lproj/LaunchScreen.storyboard; sourceTree = "<group>"; };
		BA59882521768F100065D77D /* Info.plist */ = {isa = PBXFileReference; lastKnownFileType = text.plist.xml; path = Info.plist; sourceTree = "<group>"; };
		BA59882A21768F100065D77D /* ForEventsTests.xctest */ = {isa = PBXFileReference; explicitFileType = wrapper.cfbundle; includeInIndex = 0; path = ForEventsTests.xctest; sourceTree = BUILT_PRODUCTS_DIR; };
		BA59882E21768F100065D77D /* ForEventsTests.swift */ = {isa = PBXFileReference; lastKnownFileType = sourcecode.swift; path = ForEventsTests.swift; sourceTree = "<group>"; };
		BA59883021768F100065D77D /* Info.plist */ = {isa = PBXFileReference; lastKnownFileType = text.plist.xml; path = Info.plist; sourceTree = "<group>"; };
		BA598839217690C60065D77D /* Podfile */ = {isa = PBXFileReference; lastKnownFileType = text; path = Podfile; sourceTree = "<group>"; };
		BA59883B217691340065D77D /* GoogleService-Info.plist */ = {isa = PBXFileReference; fileEncoding = 4; lastKnownFileType = text.plist.xml; path = "GoogleService-Info.plist"; sourceTree = "<group>"; };
		BA5CF73B21806C9F00419990 /* KeychainTokenItem.swift */ = {isa = PBXFileReference; fileEncoding = 4; lastKnownFileType = sourcecode.swift; path = KeychainTokenItem.swift; sourceTree = "<group>"; };
		BA5CF73D21806F8A00419990 /* ValidateToken.swift */ = {isa = PBXFileReference; lastKnownFileType = sourcecode.swift; path = ValidateToken.swift; sourceTree = "<group>"; };
		BA5CF73F2180766D00419990 /* LoginTabBarController.swift */ = {isa = PBXFileReference; fileEncoding = 4; lastKnownFileType = sourcecode.swift; path = LoginTabBarController.swift; sourceTree = "<group>"; };
		BA5CF7412180769400419990 /* LoginViewController.swift */ = {isa = PBXFileReference; fileEncoding = 4; lastKnownFileType = sourcecode.swift; path = LoginViewController.swift; sourceTree = "<group>"; };
		BA5CF7422180769400419990 /* RegisterViewController.swift */ = {isa = PBXFileReference; fileEncoding = 4; lastKnownFileType = sourcecode.swift; path = RegisterViewController.swift; sourceTree = "<group>"; };
		BA5CF7452180772700419990 /* EventsViewController.swift */ = {isa = PBXFileReference; fileEncoding = 4; lastKnownFileType = sourcecode.swift; path = EventsViewController.swift; sourceTree = "<group>"; };
		BA5CF7462180772700419990 /* MapViewController.swift */ = {isa = PBXFileReference; fileEncoding = 4; lastKnownFileType = sourcecode.swift; path = MapViewController.swift; sourceTree = "<group>"; };
		BA5CF7472180772700419990 /* ProfileViewController.swift */ = {isa = PBXFileReference; fileEncoding = 4; lastKnownFileType = sourcecode.swift; path = ProfileViewController.swift; sourceTree = "<group>"; };
		BA5CF7482180772700419990 /* NotificationsViewController.swift */ = {isa = PBXFileReference; fileEncoding = 4; lastKnownFileType = sourcecode.swift; path = NotificationsViewController.swift; sourceTree = "<group>"; };
		BA5CF74E2180777500419990 /* UIviewController+Additions.swift */ = {isa = PBXFileReference; fileEncoding = 4; lastKnownFileType = sourcecode.swift; path = "UIviewController+Additions.swift"; sourceTree = "<group>"; };
		BA5CF7502180783400419990 /* Typealias.swift */ = {isa = PBXFileReference; fileEncoding = 4; lastKnownFileType = sourcecode.swift; path = Typealias.swift; sourceTree = "<group>"; };
		BA5CF7512180783400419990 /* Alerts.swift */ = {isa = PBXFileReference; fileEncoding = 4; lastKnownFileType = sourcecode.swift; path = Alerts.swift; sourceTree = "<group>"; };
		BA5CF7542180788A00419990 /* NotificationsViewController.xib */ = {isa = PBXFileReference; fileEncoding = 4; lastKnownFileType = file.xib; path = NotificationsViewController.xib; sourceTree = "<group>"; };
		BA5CF7552180788A00419990 /* ProfileViewController.xib */ = {isa = PBXFileReference; fileEncoding = 4; lastKnownFileType = file.xib; path = ProfileViewController.xib; sourceTree = "<group>"; };
		BA5CF7562180788A00419990 /* LoginViewController.xib */ = {isa = PBXFileReference; fileEncoding = 4; lastKnownFileType = file.xib; path = LoginViewController.xib; sourceTree = "<group>"; };
		BA5CF7572180788A00419990 /* EventsViewController.xib */ = {isa = PBXFileReference; fileEncoding = 4; lastKnownFileType = file.xib; path = EventsViewController.xib; sourceTree = "<group>"; };
		BA5CF7582180788A00419990 /* MapViewController.xib */ = {isa = PBXFileReference; fileEncoding = 4; lastKnownFileType = file.xib; path = MapViewController.xib; sourceTree = "<group>"; };
		BA5CF7592180788A00419990 /* RegisterViewController.xib */ = {isa = PBXFileReference; fileEncoding = 4; lastKnownFileType = file.xib; path = RegisterViewController.xib; sourceTree = "<group>"; };
		BA5CF7602180CDDE00419990 /* Constants.swift */ = {isa = PBXFileReference; lastKnownFileType = sourcecode.swift; path = Constants.swift; sourceTree = "<group>"; };
		BA5CF7622180D0D500419990 /* StringExtensions.swift */ = {isa = PBXFileReference; lastKnownFileType = sourcecode.swift; path = StringExtensions.swift; sourceTree = "<group>"; };
		BA602D2F2181AD320075B64B /* User.swift */ = {isa = PBXFileReference; lastKnownFileType = sourcecode.swift; path = User.swift; sourceTree = "<group>"; };
		BA602D312181B6970075B64B /* ExecuteInteractor.swift */ = {isa = PBXFileReference; fileEncoding = 4; lastKnownFileType = sourcecode.swift; path = ExecuteInteractor.swift; sourceTree = "<group>"; };
		BA602D332181BB4D0075B64B /* ExecuteInteractorImpl.swift */ = {isa = PBXFileReference; fileEncoding = 4; lastKnownFileType = sourcecode.swift; path = ExecuteInteractorImpl.swift; sourceTree = "<group>"; };
		BA602D352181BBC40075B64B /* RegisterUserInteractor.swift */ = {isa = PBXFileReference; lastKnownFileType = sourcecode.swift; path = RegisterUserInteractor.swift; sourceTree = "<group>"; };
		BA602D372181BC9B0075B64B /* RegisterUserInteractorNSURLSessionImpl.swift */ = {isa = PBXFileReference; lastKnownFileType = sourcecode.swift; path = RegisterUserInteractorNSURLSessionImpl.swift; sourceTree = "<group>"; };
		BA602D40218226C40075B64B /* ResponseApi.swift */ = {isa = PBXFileReference; lastKnownFileType = sourcecode.swift; path = ResponseApi.swift; sourceTree = "<group>"; };
/* End PBXFileReference section */

/* Begin PBXFrameworksBuildPhase section */
		BA59881321768F0F0065D77D /* Frameworks */ = {
			isa = PBXFrameworksBuildPhase;
			buildActionMask = 2147483647;
			files = (
				6AA6434291FCE4FC56E01430 /* Pods_ForEvents.framework in Frameworks */,
			);
			runOnlyForDeploymentPostprocessing = 0;
		};
		BA59882721768F100065D77D /* Frameworks */ = {
			isa = PBXFrameworksBuildPhase;
			buildActionMask = 2147483647;
			files = (
				A709ADFA605E282969AA5840 /* Pods_ForEventsTests.framework in Frameworks */,
			);
			runOnlyForDeploymentPostprocessing = 0;
		};
/* End PBXFrameworksBuildPhase section */

/* Begin PBXGroup section */
		BA59880D21768F0F0065D77D = {
			isa = PBXGroup;
			children = (
				BA598839217690C60065D77D /* Podfile */,
				BA59881821768F0F0065D77D /* ForEvents */,
				BA59882D21768F100065D77D /* ForEventsTests */,
				BA59881721768F0F0065D77D /* Products */,
				C1FE8CC19F0CD5740BBAE7ED /* Pods */,
				E170D54FA07852E955C33D66 /* Frameworks */,
			);
			sourceTree = "<group>";
		};
		BA59881721768F0F0065D77D /* Products */ = {
			isa = PBXGroup;
			children = (
				BA59881621768F0F0065D77D /* ForEvents.app */,
				BA59882A21768F100065D77D /* ForEventsTests.xctest */,
			);
			name = Products;
			sourceTree = "<group>";
		};
		BA59881821768F0F0065D77D /* ForEvents */ = {
			isa = PBXGroup;
			children = (
				BA59881921768F0F0065D77D /* AppDelegate.swift */,
				BA5CF73621806A0300419990 /* Commons */,
				BA5CF73721806A0F00419990 /* Controllers */,
				BA5CF73821806A1C00419990 /* Views */,
				BA5CF73921806A2F00419990 /* Interactors */,
				BA5CF73A21806A4200419990 /* Model */,
				BA59882521768F100065D77D /* Info.plist */,
				BA59883B217691340065D77D /* GoogleService-Info.plist */,
				BA5CF74D2180775800419990 /* Extensions */,
			);
			path = ForEvents;
			sourceTree = "<group>";
		};
		BA59882D21768F100065D77D /* ForEventsTests */ = {
			isa = PBXGroup;
			children = (
				BA59882E21768F100065D77D /* ForEventsTests.swift */,
				BA59883021768F100065D77D /* Info.plist */,
			);
			path = ForEventsTests;
			sourceTree = "<group>";
		};
		BA5CF73621806A0300419990 /* Commons */ = {
			isa = PBXGroup;
			children = (
				BA5CF7602180CDDE00419990 /* Constants.swift */,
				BA5CF7512180783400419990 /* Alerts.swift */,
				BA5CF7502180783400419990 /* Typealias.swift */,
				BA5CF73B21806C9F00419990 /* KeychainTokenItem.swift */,
				BA5CF73D21806F8A00419990 /* ValidateToken.swift */,
			);
			path = Commons;
			sourceTree = "<group>";
		};
		BA5CF73721806A0F00419990 /* Controllers */ = {
			isa = PBXGroup;
			children = (
				BA5CF7412180769400419990 /* LoginViewController.swift */,
				BA5CF7422180769400419990 /* RegisterViewController.swift */,
				BA5CF73F2180766D00419990 /* LoginTabBarController.swift */,
				BA5CF7452180772700419990 /* EventsViewController.swift */,
				BA5CF7462180772700419990 /* MapViewController.swift */,
				BA5CF7482180772700419990 /* NotificationsViewController.swift */,
				BA5CF7472180772700419990 /* ProfileViewController.swift */,
			);
			path = Controllers;
			sourceTree = "<group>";
		};
		BA5CF73821806A1C00419990 /* Views */ = {
			isa = PBXGroup;
			children = (
				BA5CF7562180788A00419990 /* LoginViewController.xib */,
				BA5CF7592180788A00419990 /* RegisterViewController.xib */,
				BA5CF7572180788A00419990 /* EventsViewController.xib */,
				BA5CF7582180788A00419990 /* MapViewController.xib */,
				BA5CF7542180788A00419990 /* NotificationsViewController.xib */,
				BA5CF7552180788A00419990 /* ProfileViewController.xib */,
				BA59882021768F100065D77D /* Assets.xcassets */,
				BA59882221768F100065D77D /* LaunchScreen.storyboard */,
			);
			path = Views;
			sourceTree = "<group>";
		};
		BA5CF73921806A2F00419990 /* Interactors */ = {
			isa = PBXGroup;
			children = (
				BA602D312181B6970075B64B /* ExecuteInteractor.swift */,
				BA602D332181BB4D0075B64B /* ExecuteInteractorImpl.swift */,
				BA4775432183225400B8AA40 /* LoginUserInteractor.swift */,
				BA4775452183230B00B8AA40 /* LoginUserInteractorNSURLSessionImpl.swift */,
				BA602D352181BBC40075B64B /* RegisterUserInteractor.swift */,
				BA602D372181BC9B0075B64B /* RegisterUserInteractorNSURLSessionImpl.swift */,
			);
			path = Interactors;
			sourceTree = "<group>";
		};
		BA5CF73A21806A4200419990 /* Model */ = {
			isa = PBXGroup;
			children = (
				BA602D2F2181AD320075B64B /* User.swift */,
				BA47754121831E5E00B8AA40 /* UserLogin.swift */,
				BA602D40218226C40075B64B /* ResponseApi.swift */,
			);
			path = Model;
			sourceTree = "<group>";
		};
		BA5CF74D2180775800419990 /* Extensions */ = {
			isa = PBXGroup;
			children = (
				BA5CF74E2180777500419990 /* UIviewController+Additions.swift */,
				BA5CF7622180D0D500419990 /* StringExtensions.swift */,
			);
			path = Extensions;
			sourceTree = "<group>";
		};
		C1FE8CC19F0CD5740BBAE7ED /* Pods */ = {
			isa = PBXGroup;
			children = (
				539569184D7B0A4E48707364 /* Pods-ForEvents.debug.xcconfig */,
				94B2021C0C5DDA398A29DB0A /* Pods-ForEvents.release.xcconfig */,
				5E5DCD5C58FDD8799D37E477 /* Pods-ForEventsTests.debug.xcconfig */,
				576F42F5B34B733164B0D2E3 /* Pods-ForEventsTests.release.xcconfig */,
			);
			name = Pods;
			sourceTree = "<group>";
		};
		E170D54FA07852E955C33D66 /* Frameworks */ = {
			isa = PBXGroup;
			children = (
				9C105BB7677DFCF0CBFD4AC7 /* Pods_ForEvents.framework */,
				9820569C11C02EFE44C387A7 /* Pods_ForEventsTests.framework */,
			);
			name = Frameworks;
			sourceTree = "<group>";
		};
/* End PBXGroup section */

/* Begin PBXNativeTarget section */
		BA59881521768F0F0065D77D /* ForEvents */ = {
			isa = PBXNativeTarget;
			buildConfigurationList = BA59883321768F100065D77D /* Build configuration list for PBXNativeTarget "ForEvents" */;
			buildPhases = (
				E0934236A0A9640FFF1EF1BC /* [CP] Check Pods Manifest.lock */,
				BA59881221768F0F0065D77D /* Sources */,
				BA59881321768F0F0065D77D /* Frameworks */,
				BA59881421768F0F0065D77D /* Resources */,
				65D2D8613B67C116F02B94A1 /* [CP] Embed Pods Frameworks */,
			);
			buildRules = (
			);
			dependencies = (
			);
			name = ForEvents;
			productName = ForEvents;
			productReference = BA59881621768F0F0065D77D /* ForEvents.app */;
			productType = "com.apple.product-type.application";
		};
		BA59882921768F100065D77D /* ForEventsTests */ = {
			isa = PBXNativeTarget;
			buildConfigurationList = BA59883621768F100065D77D /* Build configuration list for PBXNativeTarget "ForEventsTests" */;
			buildPhases = (
				6D5828EDB67893FC0C581A9D /* [CP] Check Pods Manifest.lock */,
				BA59882621768F100065D77D /* Sources */,
				BA59882721768F100065D77D /* Frameworks */,
				BA59882821768F100065D77D /* Resources */,
				5DB3BD9B2B38CFE0322B8026 /* [CP] Embed Pods Frameworks */,
			);
			buildRules = (
			);
			dependencies = (
				BA59882C21768F100065D77D /* PBXTargetDependency */,
			);
			name = ForEventsTests;
			productName = ForEventsTests;
			productReference = BA59882A21768F100065D77D /* ForEventsTests.xctest */;
			productType = "com.apple.product-type.bundle.unit-test";
		};
/* End PBXNativeTarget section */

/* Begin PBXProject section */
		BA59880E21768F0F0065D77D /* Project object */ = {
			isa = PBXProject;
			attributes = {
				LastSwiftUpdateCheck = 1000;
				LastUpgradeCheck = 1000;
				ORGANIZATIONNAME = 4Everyoung.group;
				TargetAttributes = {
					BA59881521768F0F0065D77D = {
						CreatedOnToolsVersion = 10.0;
					};
					BA59882921768F100065D77D = {
						CreatedOnToolsVersion = 10.0;
						TestTargetID = BA59881521768F0F0065D77D;
					};
				};
			};
			buildConfigurationList = BA59881121768F0F0065D77D /* Build configuration list for PBXProject "ForEvents" */;
			compatibilityVersion = "Xcode 9.3";
			developmentRegion = en;
			hasScannedForEncodings = 0;
			knownRegions = (
				en,
				Base,
			);
			mainGroup = BA59880D21768F0F0065D77D;
			productRefGroup = BA59881721768F0F0065D77D /* Products */;
			projectDirPath = "";
			projectRoot = "";
			targets = (
				BA59881521768F0F0065D77D /* ForEvents */,
				BA59882921768F100065D77D /* ForEventsTests */,
			);
		};
/* End PBXProject section */

/* Begin PBXResourcesBuildPhase section */
		BA59881421768F0F0065D77D /* Resources */ = {
			isa = PBXResourcesBuildPhase;
			buildActionMask = 2147483647;
			files = (
				BA5CF75B2180788A00419990 /* ProfileViewController.xib in Resources */,
				BA5CF75F2180788A00419990 /* RegisterViewController.xib in Resources */,
				BA59882421768F100065D77D /* LaunchScreen.storyboard in Resources */,
				BA5CF75A2180788A00419990 /* NotificationsViewController.xib in Resources */,
				BA59882121768F100065D77D /* Assets.xcassets in Resources */,
				BA5CF75E2180788A00419990 /* MapViewController.xib in Resources */,
				BA59883C217691340065D77D /* GoogleService-Info.plist in Resources */,
				BA5CF75D2180788A00419990 /* EventsViewController.xib in Resources */,
				BA5CF75C2180788A00419990 /* LoginViewController.xib in Resources */,
				BA59883A217690C60065D77D /* Podfile in Resources */,
			);
			runOnlyForDeploymentPostprocessing = 0;
		};
		BA59882821768F100065D77D /* Resources */ = {
			isa = PBXResourcesBuildPhase;
			buildActionMask = 2147483647;
			files = (
			);
			runOnlyForDeploymentPostprocessing = 0;
		};
/* End PBXResourcesBuildPhase section */

/* Begin PBXShellScriptBuildPhase section */
		5DB3BD9B2B38CFE0322B8026 /* [CP] Embed Pods Frameworks */ = {
			isa = PBXShellScriptBuildPhase;
			buildActionMask = 2147483647;
			files = (
			);
			inputPaths = (
				"${SRCROOT}/Pods/Target Support Files/Pods-ForEventsTests/Pods-ForEventsTests-frameworks.sh",
				"${BUILT_PRODUCTS_DIR}/GoogleUtilities/GoogleUtilities.framework",
				"${BUILT_PRODUCTS_DIR}/nanopb/nanopb.framework",
			);
			name = "[CP] Embed Pods Frameworks";
			outputPaths = (
				"${TARGET_BUILD_DIR}/${FRAMEWORKS_FOLDER_PATH}/GoogleUtilities.framework",
				"${TARGET_BUILD_DIR}/${FRAMEWORKS_FOLDER_PATH}/nanopb.framework",
			);
			runOnlyForDeploymentPostprocessing = 0;
			shellPath = /bin/sh;
			shellScript = "\"${SRCROOT}/Pods/Target Support Files/Pods-ForEventsTests/Pods-ForEventsTests-frameworks.sh\"\n";
			showEnvVarsInLog = 0;
		};
		65D2D8613B67C116F02B94A1 /* [CP] Embed Pods Frameworks */ = {
			isa = PBXShellScriptBuildPhase;
			buildActionMask = 2147483647;
			files = (
			);
			inputPaths = (
				"${SRCROOT}/Pods/Target Support Files/Pods-ForEvents/Pods-ForEvents-frameworks.sh",
				"${BUILT_PRODUCTS_DIR}/GoogleUtilities/GoogleUtilities.framework",
				"${BUILT_PRODUCTS_DIR}/nanopb/nanopb.framework",
			);
			name = "[CP] Embed Pods Frameworks";
			outputPaths = (
				"${TARGET_BUILD_DIR}/${FRAMEWORKS_FOLDER_PATH}/GoogleUtilities.framework",
				"${TARGET_BUILD_DIR}/${FRAMEWORKS_FOLDER_PATH}/nanopb.framework",
			);
			runOnlyForDeploymentPostprocessing = 0;
			shellPath = /bin/sh;
			shellScript = "\"${SRCROOT}/Pods/Target Support Files/Pods-ForEvents/Pods-ForEvents-frameworks.sh\"\n";
			showEnvVarsInLog = 0;
		};
		6D5828EDB67893FC0C581A9D /* [CP] Check Pods Manifest.lock */ = {
			isa = PBXShellScriptBuildPhase;
			buildActionMask = 2147483647;
			files = (
			);
			inputPaths = (
				"${PODS_PODFILE_DIR_PATH}/Podfile.lock",
				"${PODS_ROOT}/Manifest.lock",
			);
			name = "[CP] Check Pods Manifest.lock";
			outputPaths = (
				"$(DERIVED_FILE_DIR)/Pods-ForEventsTests-checkManifestLockResult.txt",
			);
			runOnlyForDeploymentPostprocessing = 0;
			shellPath = /bin/sh;
			shellScript = "diff \"${PODS_PODFILE_DIR_PATH}/Podfile.lock\" \"${PODS_ROOT}/Manifest.lock\" > /dev/null\nif [ $? != 0 ] ; then\n    # print error to STDERR\n    echo \"error: The sandbox is not in sync with the Podfile.lock. Run 'pod install' or update your CocoaPods installation.\" >&2\n    exit 1\nfi\n# This output is used by Xcode 'outputs' to avoid re-running this script phase.\necho \"SUCCESS\" > \"${SCRIPT_OUTPUT_FILE_0}\"\n";
			showEnvVarsInLog = 0;
		};
		E0934236A0A9640FFF1EF1BC /* [CP] Check Pods Manifest.lock */ = {
			isa = PBXShellScriptBuildPhase;
			buildActionMask = 2147483647;
			files = (
			);
			inputPaths = (
				"${PODS_PODFILE_DIR_PATH}/Podfile.lock",
				"${PODS_ROOT}/Manifest.lock",
			);
			name = "[CP] Check Pods Manifest.lock";
			outputPaths = (
				"$(DERIVED_FILE_DIR)/Pods-ForEvents-checkManifestLockResult.txt",
			);
			runOnlyForDeploymentPostprocessing = 0;
			shellPath = /bin/sh;
			shellScript = "diff \"${PODS_PODFILE_DIR_PATH}/Podfile.lock\" \"${PODS_ROOT}/Manifest.lock\" > /dev/null\nif [ $? != 0 ] ; then\n    # print error to STDERR\n    echo \"error: The sandbox is not in sync with the Podfile.lock. Run 'pod install' or update your CocoaPods installation.\" >&2\n    exit 1\nfi\n# This output is used by Xcode 'outputs' to avoid re-running this script phase.\necho \"SUCCESS\" > \"${SCRIPT_OUTPUT_FILE_0}\"\n";
			showEnvVarsInLog = 0;
		};
/* End PBXShellScriptBuildPhase section */

/* Begin PBXSourcesBuildPhase section */
		BA59881221768F0F0065D77D /* Sources */ = {
			isa = PBXSourcesBuildPhase;
			buildActionMask = 2147483647;
			files = (
				BA602D382181BC9B0075B64B /* RegisterUserInteractorNSURLSessionImpl.swift in Sources */,
				BA4775462183230B00B8AA40 /* LoginUserInteractorNSURLSessionImpl.swift in Sources */,
				BA59881A21768F0F0065D77D /* AppDelegate.swift in Sources */,
				BA4775442183225400B8AA40 /* LoginUserInteractor.swift in Sources */,
				BA5CF73E21806F8A00419990 /* ValidateToken.swift in Sources */,
				BA5CF73C21806C9F00419990 /* KeychainTokenItem.swift in Sources */,
				BA47754221831E5E00B8AA40 /* UserLogin.swift in Sources */,
				BA5CF7442180769400419990 /* RegisterViewController.swift in Sources */,
				BA602D302181AD320075B64B /* User.swift in Sources */,
				BA602D41218226C40075B64B /* ResponseApi.swift in Sources */,
				BA5CF7492180772700419990 /* EventsViewController.swift in Sources */,
				BA5CF74C2180772700419990 /* NotificationsViewController.swift in Sources */,
				BA5CF74F2180777500419990 /* UIviewController+Additions.swift in Sources */,
				BA5CF7432180769400419990 /* LoginViewController.swift in Sources */,
				BA602D322181B6970075B64B /* ExecuteInteractor.swift in Sources */,
				BA602D362181BBC40075B64B /* RegisterUserInteractor.swift in Sources */,
				BA5CF7532180783400419990 /* Alerts.swift in Sources */,
				BA5CF74B2180772700419990 /* ProfileViewController.swift in Sources */,
				BA5CF7402180766D00419990 /* LoginTabBarController.swift in Sources */,
				BA5CF7612180CDDE00419990 /* Constants.swift in Sources */,
				BA5CF7632180D0D500419990 /* StringExtensions.swift in Sources */,
				BA602D342181BB4D0075B64B /* ExecuteInteractorImpl.swift in Sources */,
				BA5CF7522180783400419990 /* Typealias.swift in Sources */,
				BA5CF74A2180772700419990 /* MapViewController.swift in Sources */,
			);
			runOnlyForDeploymentPostprocessing = 0;
		};
		BA59882621768F100065D77D /* Sources */ = {
			isa = PBXSourcesBuildPhase;
			buildActionMask = 2147483647;
			files = (
				BA59882F21768F100065D77D /* ForEventsTests.swift in Sources */,
			);
			runOnlyForDeploymentPostprocessing = 0;
		};
/* End PBXSourcesBuildPhase section */

/* Begin PBXTargetDependency section */
		BA59882C21768F100065D77D /* PBXTargetDependency */ = {
			isa = PBXTargetDependency;
			target = BA59881521768F0F0065D77D /* ForEvents */;
			targetProxy = BA59882B21768F100065D77D /* PBXContainerItemProxy */;
		};
/* End PBXTargetDependency section */

/* Begin PBXVariantGroup section */
		BA59882221768F100065D77D /* LaunchScreen.storyboard */ = {
			isa = PBXVariantGroup;
			children = (
				BA59882321768F100065D77D /* Base */,
			);
			name = LaunchScreen.storyboard;
			sourceTree = "<group>";
		};
/* End PBXVariantGroup section */

/* Begin XCBuildConfiguration section */
		BA59883121768F100065D77D /* Debug */ = {
			isa = XCBuildConfiguration;
			buildSettings = {
				ALWAYS_SEARCH_USER_PATHS = NO;
				CLANG_ANALYZER_NONNULL = YES;
				CLANG_ANALYZER_NUMBER_OBJECT_CONVERSION = YES_AGGRESSIVE;
				CLANG_CXX_LANGUAGE_STANDARD = "gnu++14";
				CLANG_CXX_LIBRARY = "libc++";
				CLANG_ENABLE_MODULES = YES;
				CLANG_ENABLE_OBJC_ARC = YES;
				CLANG_ENABLE_OBJC_WEAK = YES;
				CLANG_WARN_BLOCK_CAPTURE_AUTORELEASING = YES;
				CLANG_WARN_BOOL_CONVERSION = YES;
				CLANG_WARN_COMMA = YES;
				CLANG_WARN_CONSTANT_CONVERSION = YES;
				CLANG_WARN_DEPRECATED_OBJC_IMPLEMENTATIONS = YES;
				CLANG_WARN_DIRECT_OBJC_ISA_USAGE = YES_ERROR;
				CLANG_WARN_DOCUMENTATION_COMMENTS = YES;
				CLANG_WARN_EMPTY_BODY = YES;
				CLANG_WARN_ENUM_CONVERSION = YES;
				CLANG_WARN_INFINITE_RECURSION = YES;
				CLANG_WARN_INT_CONVERSION = YES;
				CLANG_WARN_NON_LITERAL_NULL_CONVERSION = YES;
				CLANG_WARN_OBJC_IMPLICIT_RETAIN_SELF = YES;
				CLANG_WARN_OBJC_LITERAL_CONVERSION = YES;
				CLANG_WARN_OBJC_ROOT_CLASS = YES_ERROR;
				CLANG_WARN_RANGE_LOOP_ANALYSIS = YES;
				CLANG_WARN_STRICT_PROTOTYPES = YES;
				CLANG_WARN_SUSPICIOUS_MOVE = YES;
				CLANG_WARN_UNGUARDED_AVAILABILITY = YES_AGGRESSIVE;
				CLANG_WARN_UNREACHABLE_CODE = YES;
				CLANG_WARN__DUPLICATE_METHOD_MATCH = YES;
				CODE_SIGN_IDENTITY = "iPhone Developer";
				COPY_PHASE_STRIP = NO;
				DEBUG_INFORMATION_FORMAT = dwarf;
				ENABLE_STRICT_OBJC_MSGSEND = YES;
				ENABLE_TESTABILITY = YES;
				GCC_C_LANGUAGE_STANDARD = gnu11;
				GCC_DYNAMIC_NO_PIC = NO;
				GCC_NO_COMMON_BLOCKS = YES;
				GCC_OPTIMIZATION_LEVEL = 0;
				GCC_PREPROCESSOR_DEFINITIONS = (
					"DEBUG=1",
					"$(inherited)",
				);
				GCC_WARN_64_TO_32_BIT_CONVERSION = YES;
				GCC_WARN_ABOUT_RETURN_TYPE = YES_ERROR;
				GCC_WARN_UNDECLARED_SELECTOR = YES;
				GCC_WARN_UNINITIALIZED_AUTOS = YES_AGGRESSIVE;
				GCC_WARN_UNUSED_FUNCTION = YES;
				GCC_WARN_UNUSED_VARIABLE = YES;
				IPHONEOS_DEPLOYMENT_TARGET = 11.0;
				MTL_ENABLE_DEBUG_INFO = INCLUDE_SOURCE;
				MTL_FAST_MATH = YES;
				ONLY_ACTIVE_ARCH = YES;
				SDKROOT = iphoneos;
				SWIFT_ACTIVE_COMPILATION_CONDITIONS = DEBUG;
				SWIFT_OPTIMIZATION_LEVEL = "-Onone";
			};
			name = Debug;
		};
		BA59883221768F100065D77D /* Release */ = {
			isa = XCBuildConfiguration;
			buildSettings = {
				ALWAYS_SEARCH_USER_PATHS = NO;
				CLANG_ANALYZER_NONNULL = YES;
				CLANG_ANALYZER_NUMBER_OBJECT_CONVERSION = YES_AGGRESSIVE;
				CLANG_CXX_LANGUAGE_STANDARD = "gnu++14";
				CLANG_CXX_LIBRARY = "libc++";
				CLANG_ENABLE_MODULES = YES;
				CLANG_ENABLE_OBJC_ARC = YES;
				CLANG_ENABLE_OBJC_WEAK = YES;
				CLANG_WARN_BLOCK_CAPTURE_AUTORELEASING = YES;
				CLANG_WARN_BOOL_CONVERSION = YES;
				CLANG_WARN_COMMA = YES;
				CLANG_WARN_CONSTANT_CONVERSION = YES;
				CLANG_WARN_DEPRECATED_OBJC_IMPLEMENTATIONS = YES;
				CLANG_WARN_DIRECT_OBJC_ISA_USAGE = YES_ERROR;
				CLANG_WARN_DOCUMENTATION_COMMENTS = YES;
				CLANG_WARN_EMPTY_BODY = YES;
				CLANG_WARN_ENUM_CONVERSION = YES;
				CLANG_WARN_INFINITE_RECURSION = YES;
				CLANG_WARN_INT_CONVERSION = YES;
				CLANG_WARN_NON_LITERAL_NULL_CONVERSION = YES;
				CLANG_WARN_OBJC_IMPLICIT_RETAIN_SELF = YES;
				CLANG_WARN_OBJC_LITERAL_CONVERSION = YES;
				CLANG_WARN_OBJC_ROOT_CLASS = YES_ERROR;
				CLANG_WARN_RANGE_LOOP_ANALYSIS = YES;
				CLANG_WARN_STRICT_PROTOTYPES = YES;
				CLANG_WARN_SUSPICIOUS_MOVE = YES;
				CLANG_WARN_UNGUARDED_AVAILABILITY = YES_AGGRESSIVE;
				CLANG_WARN_UNREACHABLE_CODE = YES;
				CLANG_WARN__DUPLICATE_METHOD_MATCH = YES;
				CODE_SIGN_IDENTITY = "iPhone Developer";
				COPY_PHASE_STRIP = NO;
				DEBUG_INFORMATION_FORMAT = "dwarf-with-dsym";
				ENABLE_NS_ASSERTIONS = NO;
				ENABLE_STRICT_OBJC_MSGSEND = YES;
				GCC_C_LANGUAGE_STANDARD = gnu11;
				GCC_NO_COMMON_BLOCKS = YES;
				GCC_WARN_64_TO_32_BIT_CONVERSION = YES;
				GCC_WARN_ABOUT_RETURN_TYPE = YES_ERROR;
				GCC_WARN_UNDECLARED_SELECTOR = YES;
				GCC_WARN_UNINITIALIZED_AUTOS = YES_AGGRESSIVE;
				GCC_WARN_UNUSED_FUNCTION = YES;
				GCC_WARN_UNUSED_VARIABLE = YES;
				IPHONEOS_DEPLOYMENT_TARGET = 11.0;
				MTL_ENABLE_DEBUG_INFO = NO;
				MTL_FAST_MATH = YES;
				SDKROOT = iphoneos;
				SWIFT_COMPILATION_MODE = wholemodule;
				SWIFT_OPTIMIZATION_LEVEL = "-O";
				VALIDATE_PRODUCT = YES;
			};
			name = Release;
		};
		BA59883421768F100065D77D /* Debug */ = {
			isa = XCBuildConfiguration;
			baseConfigurationReference = 539569184D7B0A4E48707364 /* Pods-ForEvents.debug.xcconfig */;
			buildSettings = {
				ASSETCATALOG_COMPILER_APPICON_NAME = AppIcon;
				CODE_SIGN_STYLE = Automatic;
				INFOPLIST_FILE = ForEvents/Info.plist;
				LD_RUNPATH_SEARCH_PATHS = (
					"$(inherited)",
					"@executable_path/Frameworks",
				);
				PRODUCT_BUNDLE_IDENTIFIER = net.4events.ForEvents;
				PRODUCT_NAME = "$(TARGET_NAME)";
				SWIFT_VERSION = 4.2;
				TARGETED_DEVICE_FAMILY = "1,2";
			};
			name = Debug;
		};
		BA59883521768F100065D77D /* Release */ = {
			isa = XCBuildConfiguration;
			baseConfigurationReference = 94B2021C0C5DDA398A29DB0A /* Pods-ForEvents.release.xcconfig */;
			buildSettings = {
				ASSETCATALOG_COMPILER_APPICON_NAME = AppIcon;
				CODE_SIGN_STYLE = Automatic;
				INFOPLIST_FILE = ForEvents/Info.plist;
				LD_RUNPATH_SEARCH_PATHS = (
					"$(inherited)",
					"@executable_path/Frameworks",
				);
				PRODUCT_BUNDLE_IDENTIFIER = net.4events.ForEvents;
				PRODUCT_NAME = "$(TARGET_NAME)";
				SWIFT_VERSION = 4.2;
				TARGETED_DEVICE_FAMILY = "1,2";
			};
			name = Release;
		};
		BA59883721768F100065D77D /* Debug */ = {
			isa = XCBuildConfiguration;
			baseConfigurationReference = 5E5DCD5C58FDD8799D37E477 /* Pods-ForEventsTests.debug.xcconfig */;
			buildSettings = {
				ALWAYS_EMBED_SWIFT_STANDARD_LIBRARIES = YES;
				BUNDLE_LOADER = "$(TEST_HOST)";
				CODE_SIGN_STYLE = Automatic;
				INFOPLIST_FILE = ForEventsTests/Info.plist;
				LD_RUNPATH_SEARCH_PATHS = (
					"$(inherited)",
					"@executable_path/Frameworks",
					"@loader_path/Frameworks",
				);
				PRODUCT_BUNDLE_IDENTIFIER = net.4events.ForEventsTests;
				PRODUCT_NAME = "$(TARGET_NAME)";
				SWIFT_VERSION = 4.2;
				TARGETED_DEVICE_FAMILY = "1,2";
				TEST_HOST = "$(BUILT_PRODUCTS_DIR)/ForEvents.app/ForEvents";
			};
			name = Debug;
		};
		BA59883821768F100065D77D /* Release */ = {
			isa = XCBuildConfiguration;
			baseConfigurationReference = 576F42F5B34B733164B0D2E3 /* Pods-ForEventsTests.release.xcconfig */;
			buildSettings = {
				ALWAYS_EMBED_SWIFT_STANDARD_LIBRARIES = YES;
				BUNDLE_LOADER = "$(TEST_HOST)";
				CODE_SIGN_STYLE = Automatic;
				INFOPLIST_FILE = ForEventsTests/Info.plist;
				LD_RUNPATH_SEARCH_PATHS = (
					"$(inherited)",
					"@executable_path/Frameworks",
					"@loader_path/Frameworks",
				);
				PRODUCT_BUNDLE_IDENTIFIER = net.4events.ForEventsTests;
				PRODUCT_NAME = "$(TARGET_NAME)";
				SWIFT_VERSION = 4.2;
				TARGETED_DEVICE_FAMILY = "1,2";
				TEST_HOST = "$(BUILT_PRODUCTS_DIR)/ForEvents.app/ForEvents";
			};
			name = Release;
		};
/* End XCBuildConfiguration section */

/* Begin XCConfigurationList section */
		BA59881121768F0F0065D77D /* Build configuration list for PBXProject "ForEvents" */ = {
			isa = XCConfigurationList;
			buildConfigurations = (
				BA59883121768F100065D77D /* Debug */,
				BA59883221768F100065D77D /* Release */,
			);
			defaultConfigurationIsVisible = 0;
			defaultConfigurationName = Release;
		};
		BA59883321768F100065D77D /* Build configuration list for PBXNativeTarget "ForEvents" */ = {
			isa = XCConfigurationList;
			buildConfigurations = (
				BA59883421768F100065D77D /* Debug */,
				BA59883521768F100065D77D /* Release */,
			);
			defaultConfigurationIsVisible = 0;
			defaultConfigurationName = Release;
		};
		BA59883621768F100065D77D /* Build configuration list for PBXNativeTarget "ForEventsTests" */ = {
			isa = XCConfigurationList;
			buildConfigurations = (
				BA59883721768F100065D77D /* Debug */,
				BA59883821768F100065D77D /* Release */,
			);
			defaultConfigurationIsVisible = 0;
			defaultConfigurationName = Release;
		};
/* End XCConfigurationList section */
	};
	rootObject = BA59880E21768F0F0065D77D /* Project object */;
}
