// !$*UTF8*$!
{
	archiveVersion = 1;
	classes = {
	};
	objectVersion = 50;
	objects = {

/* Begin PBXBuildFile section */
		6AA6434291FCE4FC56E01430 /* Pods_ForEvents.framework in Frameworks */ = {isa = PBXBuildFile; fileRef = 9C105BB7677DFCF0CBFD4AC7 /* Pods_ForEvents.framework */; };
		A709ADFA605E282969AA5840 /* Pods_ForEventsTests.framework in Frameworks */ = {isa = PBXBuildFile; fileRef = 9820569C11C02EFE44C387A7 /* Pods_ForEventsTests.framework */; };
		BA05873121B3F43E008B4875 /* ConfigureSearchTextField.swift in Sources */ = {isa = PBXBuildFile; fileRef = BA05873021B3F43E008B4875 /* ConfigureSearchTextField.swift */; };
		BA09DDFB21AC0AF20009FAF4 /* GetUserInteractor.swift in Sources */ = {isa = PBXBuildFile; fileRef = BA09DDFA21AC0AF20009FAF4 /* GetUserInteractor.swift */; };
		BA09DDFD21AC0B6A0009FAF4 /* GetUserInteractorNSURLSessionImpl.swift in Sources */ = {isa = PBXBuildFile; fileRef = BA09DDFC21AC0B6A0009FAF4 /* GetUserInteractorNSURLSessionImpl.swift */; };
		BA09DE0121AC159D0009FAF4 /* Token.swift in Sources */ = {isa = PBXBuildFile; fileRef = BA09DE0021AC159D0009FAF4 /* Token.swift */; };
		BA09DE0321AC33D30009FAF4 /* UserGet.swift in Sources */ = {isa = PBXBuildFile; fileRef = BA09DE0221AC33D30009FAF4 /* UserGet.swift */; };
		BA09DE0521AC6EE40009FAF4 /* UpdateUserInteractor.swift in Sources */ = {isa = PBXBuildFile; fileRef = BA09DE0421AC6EE40009FAF4 /* UpdateUserInteractor.swift */; };
		BA09DE0721AC6F450009FAF4 /* UpdateUserInteractorNSURLSessionImpl.swift in Sources */ = {isa = PBXBuildFile; fileRef = BA09DE0621AC6F450009FAF4 /* UpdateUserInteractorNSURLSessionImpl.swift */; };
		BA0B1F4421B928C800649146 /* FavoriteSearchInteractor.swift in Sources */ = {isa = PBXBuildFile; fileRef = BA0B1F4321B928C800649146 /* FavoriteSearchInteractor.swift */; };
		BA0B1F4621B9296900649146 /* FavoriteSearchInteractorNSURLSessionImpl.swift in Sources */ = {isa = PBXBuildFile; fileRef = BA0B1F4521B9296900649146 /* FavoriteSearchInteractorNSURLSessionImpl.swift */; };
		BA0B1F4821B9359800649146 /* FavoriteSearchApiResponse.swift in Sources */ = {isa = PBXBuildFile; fileRef = BA0B1F4721B9359800649146 /* FavoriteSearchApiResponse.swift */; };
		BA0C52D521AD611A00C3D1E5 /* DeleteUserInteractor.swift in Sources */ = {isa = PBXBuildFile; fileRef = BA0C52D421AD611A00C3D1E5 /* DeleteUserInteractor.swift */; };
		BA0C52D721AD616500C3D1E5 /* DeleteUserInteractorNSURLSessionImpl.swift in Sources */ = {isa = PBXBuildFile; fileRef = BA0C52D621AD616500C3D1E5 /* DeleteUserInteractorNSURLSessionImpl.swift */; };
		BA0C52DA21ADA7ED00C3D1E5 /* EventTypeTableViewCell.swift in Sources */ = {isa = PBXBuildFile; fileRef = BA0C52D821ADA7ED00C3D1E5 /* EventTypeTableViewCell.swift */; };
		BA0C52DB21ADA7ED00C3D1E5 /* EventTypeTableViewCell.xib in Resources */ = {isa = PBXBuildFile; fileRef = BA0C52D921ADA7ED00C3D1E5 /* EventTypeTableViewCell.xib */; };
		BA0C52DD21ADAA8D00C3D1E5 /* EventTypeAPI.swift in Sources */ = {isa = PBXBuildFile; fileRef = BA0C52DC21ADAA8D00C3D1E5 /* EventTypeAPI.swift */; };
		BA0C52DF21ADAAD700C3D1E5 /* EventType.swift in Sources */ = {isa = PBXBuildFile; fileRef = BA0C52DE21ADAAD700C3D1E5 /* EventType.swift */; };
		BA0C52E121ADAF2800C3D1E5 /* DownloadEventTypesInteractor.swift in Sources */ = {isa = PBXBuildFile; fileRef = BA0C52E021ADAF2800C3D1E5 /* DownloadEventTypesInteractor.swift */; };
		BA0C52E321ADAFB700C3D1E5 /* DownloadEventTypesInteractorNSURLSessionImpl.swift in Sources */ = {isa = PBXBuildFile; fileRef = BA0C52E221ADAFB700C3D1E5 /* DownloadEventTypesInteractorNSURLSessionImpl.swift */; };
		BA0C52E521ADB30A00C3D1E5 /* FindViewController+TableViewController.swift in Sources */ = {isa = PBXBuildFile; fileRef = BA0C52E421ADB30A00C3D1E5 /* FindViewController+TableViewController.swift */; };
		BA0C52E721ADC9DC00C3D1E5 /* EventTypeCheck.swift in Sources */ = {isa = PBXBuildFile; fileRef = BA0C52E621ADC9DC00C3D1E5 /* EventTypeCheck.swift */; };
		BA1A397D21C04BFF0066212C /* SaveTokenDeviceInUserInteractor.swift in Sources */ = {isa = PBXBuildFile; fileRef = BA1A397C21C04BFF0066212C /* SaveTokenDeviceInUserInteractor.swift */; };
		BA1A397F21C04C8A0066212C /* SaveTokenDeviceInUserInteractorNSURLSessionImpl.swift in Sources */ = {isa = PBXBuildFile; fileRef = BA1A397E21C04C8A0066212C /* SaveTokenDeviceInUserInteractorNSURLSessionImpl.swift */; };
		BA1A398321C05AED0066212C /* TokenFB.swift in Sources */ = {isa = PBXBuildFile; fileRef = BA1A398221C05AED0066212C /* TokenFB.swift */; };
		BA1A398521C0F0590066212C /* NotificationEvent.swift in Sources */ = {isa = PBXBuildFile; fileRef = BA1A398421C0F0590066212C /* NotificationEvent.swift */; };
		BA1A398821C0F9D40066212C /* NotificationEventViewController.swift in Sources */ = {isa = PBXBuildFile; fileRef = BA1A398621C0F9D40066212C /* NotificationEventViewController.swift */; };
		BA1A398921C0F9D40066212C /* NotificationEventViewController.xib in Resources */ = {isa = PBXBuildFile; fileRef = BA1A398721C0F9D40066212C /* NotificationEventViewController.xib */; };
		BA1A398B21C106170066212C /* DownloadEventNotificationInteractor.swift in Sources */ = {isa = PBXBuildFile; fileRef = BA1A398A21C106170066212C /* DownloadEventNotificationInteractor.swift */; };
		BA1A398D21C106980066212C /* DownloadEventNotificationInteractorNSURLSessionImpl.swift in Sources */ = {isa = PBXBuildFile; fileRef = BA1A398C21C106980066212C /* DownloadEventNotificationInteractorNSURLSessionImpl.swift */; };
		BA1D60A621B7086B00AF5F2F /* AppDelegate+Notifications.swift in Sources */ = {isa = PBXBuildFile; fileRef = BA1D60A521B7086B00AF5F2F /* AppDelegate+Notifications.swift */; };
		BA1D60A821B729C400AF5F2F /* UserNotifications.framework in Frameworks */ = {isa = PBXBuildFile; fileRef = BA1D60A721B729C400AF5F2F /* UserNotifications.framework */; };
		BA1E2D982191AC63006D3CBD /* String+Image.swift in Sources */ = {isa = PBXBuildFile; fileRef = BA1E2D972191AC63006D3CBD /* String+Image.swift */; };
		BA1E2D9B21920878006D3CBD /* EventDetailCollectionViewCell.swift in Sources */ = {isa = PBXBuildFile; fileRef = BA1E2D9921920878006D3CBD /* EventDetailCollectionViewCell.swift */; };
		BA1E2D9C21920878006D3CBD /* EventDetailCollectionViewCell.xib in Resources */ = {isa = PBXBuildFile; fileRef = BA1E2D9A21920878006D3CBD /* EventDetailCollectionViewCell.xib */; };
		BA1F8E7A21A0128200037716 /* CustomColors.swift in Sources */ = {isa = PBXBuildFile; fileRef = BA1F8E7921A0128200037716 /* CustomColors.swift */; };
		BA20100D21A3FF1D008425CB /* PreferencesViewController.swift in Sources */ = {isa = PBXBuildFile; fileRef = BA20100B21A3FF1D008425CB /* PreferencesViewController.swift */; };
		BA20100E21A3FF1D008425CB /* PreferencesViewController.xib in Resources */ = {isa = PBXBuildFile; fileRef = BA20100C21A3FF1D008425CB /* PreferencesViewController.xib */; };
		BA20101121A498C1008425CB /* EventsDayViewController.swift in Sources */ = {isa = PBXBuildFile; fileRef = BA20100F21A498C1008425CB /* EventsDayViewController.swift */; };
		BA20101221A498C1008425CB /* EventsDayViewController.xib in Resources */ = {isa = PBXBuildFile; fileRef = BA20101021A498C1008425CB /* EventsDayViewController.xib */; };
		BA20101421A49B99008425CB /* EventsDayViewController+CollectionViewController.swift in Sources */ = {isa = PBXBuildFile; fileRef = BA20101321A49B99008425CB /* EventsDayViewController+CollectionViewController.swift */; };
		BA38600321BE6E94001E2798 /* PreferencesViewController+TableViewController.swift in Sources */ = {isa = PBXBuildFile; fileRef = BA38600221BE6E94001E2798 /* PreferencesViewController+TableViewController.swift */; };
		BA47754221831E5E00B8AA40 /* UserLogin.swift in Sources */ = {isa = PBXBuildFile; fileRef = BA47754121831E5E00B8AA40 /* UserLogin.swift */; };
		BA4775442183225400B8AA40 /* LoginUserInteractor.swift in Sources */ = {isa = PBXBuildFile; fileRef = BA4775432183225400B8AA40 /* LoginUserInteractor.swift */; };
		BA4775462183230B00B8AA40 /* LoginUserInteractorNSURLSessionImpl.swift in Sources */ = {isa = PBXBuildFile; fileRef = BA4775452183230B00B8AA40 /* LoginUserInteractorNSURLSessionImpl.swift */; };
		BA477548218378BC00B8AA40 /* createTabBar.swift in Sources */ = {isa = PBXBuildFile; fileRef = BA477547218378BC00B8AA40 /* createTabBar.swift */; };
		BA59881A21768F0F0065D77D /* AppDelegate.swift in Sources */ = {isa = PBXBuildFile; fileRef = BA59881921768F0F0065D77D /* AppDelegate.swift */; };
		BA59882121768F100065D77D /* Assets.xcassets in Resources */ = {isa = PBXBuildFile; fileRef = BA59882021768F100065D77D /* Assets.xcassets */; };
		BA59882421768F100065D77D /* LaunchScreen.storyboard in Resources */ = {isa = PBXBuildFile; fileRef = BA59882221768F100065D77D /* LaunchScreen.storyboard */; };
		BA59882F21768F100065D77D /* ForEventsTests.swift in Sources */ = {isa = PBXBuildFile; fileRef = BA59882E21768F100065D77D /* ForEventsTests.swift */; };
		BA59883A217690C60065D77D /* Podfile in Resources */ = {isa = PBXBuildFile; fileRef = BA598839217690C60065D77D /* Podfile */; };
		BA59883C217691340065D77D /* GoogleService-Info.plist in Resources */ = {isa = PBXBuildFile; fileRef = BA59883B217691340065D77D /* GoogleService-Info.plist */; };
		BA5C730D21A2D91400CE40EB /* DateExtensions.swift in Sources */ = {isa = PBXBuildFile; fileRef = BA5C730C21A2D91400CE40EB /* DateExtensions.swift */; };
		BA5C731021A32F1700CE40EB /* SearchesViewController.swift in Sources */ = {isa = PBXBuildFile; fileRef = BA5C730E21A32F1700CE40EB /* SearchesViewController.swift */; };
		BA5C731121A32F1700CE40EB /* SearchesViewController.xib in Resources */ = {isa = PBXBuildFile; fileRef = BA5C730F21A32F1700CE40EB /* SearchesViewController.xib */; };
		BA5C731521A33DBD00CE40EB /* Searches.swift in Sources */ = {isa = PBXBuildFile; fileRef = BA5C731421A33DBD00CE40EB /* Searches.swift */; };
		BA5C731721A33E6100CE40EB /* DownloadSearchesInteractor.swift in Sources */ = {isa = PBXBuildFile; fileRef = BA5C731621A33E6100CE40EB /* DownloadSearchesInteractor.swift */; };
		BA5C731921A33EB100CE40EB /* DownloadSearchesInteractorNSURLSessionImpl.swift in Sources */ = {isa = PBXBuildFile; fileRef = BA5C731821A33EB100CE40EB /* DownloadSearchesInteractorNSURLSessionImpl.swift */; };
		BA5C731B21A3424600CE40EB /* SearchesViewController+TableViewController.swift in Sources */ = {isa = PBXBuildFile; fileRef = BA5C731A21A3424600CE40EB /* SearchesViewController+TableViewController.swift */; };
		BA5CF73C21806C9F00419990 /* KeychainTokenItem.swift in Sources */ = {isa = PBXBuildFile; fileRef = BA5CF73B21806C9F00419990 /* KeychainTokenItem.swift */; };
		BA5CF73E21806F8A00419990 /* ValidateToken.swift in Sources */ = {isa = PBXBuildFile; fileRef = BA5CF73D21806F8A00419990 /* ValidateToken.swift */; };
		BA5CF7432180769400419990 /* LoginViewController.swift in Sources */ = {isa = PBXBuildFile; fileRef = BA5CF7412180769400419990 /* LoginViewController.swift */; };
		BA5CF7442180769400419990 /* RegisterViewController.swift in Sources */ = {isa = PBXBuildFile; fileRef = BA5CF7422180769400419990 /* RegisterViewController.swift */; };
		BA5CF7492180772700419990 /* EventsViewController.swift in Sources */ = {isa = PBXBuildFile; fileRef = BA5CF7452180772700419990 /* EventsViewController.swift */; };
		BA5CF74A2180772700419990 /* MapViewController.swift in Sources */ = {isa = PBXBuildFile; fileRef = BA5CF7462180772700419990 /* MapViewController.swift */; };
		BA5CF74B2180772700419990 /* ProfileViewController.swift in Sources */ = {isa = PBXBuildFile; fileRef = BA5CF7472180772700419990 /* ProfileViewController.swift */; };
		BA5CF74C2180772700419990 /* CalendarViewController.swift in Sources */ = {isa = PBXBuildFile; fileRef = BA5CF7482180772700419990 /* CalendarViewController.swift */; };
		BA5CF74F2180777500419990 /* UIviewController+Additions.swift in Sources */ = {isa = PBXBuildFile; fileRef = BA5CF74E2180777500419990 /* UIviewController+Additions.swift */; };
		BA5CF7522180783400419990 /* Typealias.swift in Sources */ = {isa = PBXBuildFile; fileRef = BA5CF7502180783400419990 /* Typealias.swift */; };
		BA5CF7532180783400419990 /* Alerts.swift in Sources */ = {isa = PBXBuildFile; fileRef = BA5CF7512180783400419990 /* Alerts.swift */; };
		BA5CF75A2180788A00419990 /* CalendarViewController.xib in Resources */ = {isa = PBXBuildFile; fileRef = BA5CF7542180788A00419990 /* CalendarViewController.xib */; };
		BA5CF75B2180788A00419990 /* ProfileViewController.xib in Resources */ = {isa = PBXBuildFile; fileRef = BA5CF7552180788A00419990 /* ProfileViewController.xib */; };
		BA5CF75C2180788A00419990 /* LoginViewController.xib in Resources */ = {isa = PBXBuildFile; fileRef = BA5CF7562180788A00419990 /* LoginViewController.xib */; };
		BA5CF75D2180788A00419990 /* EventsViewController.xib in Resources */ = {isa = PBXBuildFile; fileRef = BA5CF7572180788A00419990 /* EventsViewController.xib */; };
		BA5CF75E2180788A00419990 /* MapViewController.xib in Resources */ = {isa = PBXBuildFile; fileRef = BA5CF7582180788A00419990 /* MapViewController.xib */; };
		BA5CF75F2180788A00419990 /* RegisterViewController.xib in Resources */ = {isa = PBXBuildFile; fileRef = BA5CF7592180788A00419990 /* RegisterViewController.xib */; };
		BA5CF7612180CDDE00419990 /* Constants.swift in Sources */ = {isa = PBXBuildFile; fileRef = BA5CF7602180CDDE00419990 /* Constants.swift */; };
		BA5CF7632180D0D500419990 /* StringExtensions.swift in Sources */ = {isa = PBXBuildFile; fileRef = BA5CF7622180D0D500419990 /* StringExtensions.swift */; };
		BA5F70BE21920BF0006F32F0 /* EventDetailViewController+CollectionViewController.swift in Sources */ = {isa = PBXBuildFile; fileRef = BA5F70BD21920BF0006F32F0 /* EventDetailViewController+CollectionViewController.swift */; };
		BA602D302181AD320075B64B /* User.swift in Sources */ = {isa = PBXBuildFile; fileRef = BA602D2F2181AD320075B64B /* User.swift */; };
		BA602D322181B6970075B64B /* ExecuteInteractor.swift in Sources */ = {isa = PBXBuildFile; fileRef = BA602D312181B6970075B64B /* ExecuteInteractor.swift */; };
		BA602D342181BB4D0075B64B /* ExecuteInteractorImpl.swift in Sources */ = {isa = PBXBuildFile; fileRef = BA602D332181BB4D0075B64B /* ExecuteInteractorImpl.swift */; };
		BA602D362181BBC40075B64B /* RegisterUserInteractor.swift in Sources */ = {isa = PBXBuildFile; fileRef = BA602D352181BBC40075B64B /* RegisterUserInteractor.swift */; };
		BA602D382181BC9B0075B64B /* RegisterUserInteractorNSURLSessionImpl.swift in Sources */ = {isa = PBXBuildFile; fileRef = BA602D372181BC9B0075B64B /* RegisterUserInteractorNSURLSessionImpl.swift */; };
		BA602D41218226C40075B64B /* ResponseApi.swift in Sources */ = {isa = PBXBuildFile; fileRef = BA602D40218226C40075B64B /* ResponseApi.swift */; };
		BA65EDE8219ED28B00B26C96 /* SearchTableViewCell.swift in Sources */ = {isa = PBXBuildFile; fileRef = BA65EDE6219ED28B00B26C96 /* SearchTableViewCell.swift */; };
		BA65EDE9219ED28B00B26C96 /* SearchTableViewCell.xib in Resources */ = {isa = PBXBuildFile; fileRef = BA65EDE7219ED28B00B26C96 /* SearchTableViewCell.xib */; };
		BA65EDEC219F3B6E00B26C96 /* AssistsViewController.swift in Sources */ = {isa = PBXBuildFile; fileRef = BA65EDEA219F3B6E00B26C96 /* AssistsViewController.swift */; };
		BA65EDED219F3B6E00B26C96 /* AssistsViewController.xib in Resources */ = {isa = PBXBuildFile; fileRef = BA65EDEB219F3B6E00B26C96 /* AssistsViewController.xib */; };
		BA65EDEF219F424F00B26C96 /* AssistsViewController+CollectionViewController.swift in Sources */ = {isa = PBXBuildFile; fileRef = BA65EDEE219F424F00B26C96 /* AssistsViewController+CollectionViewController.swift */; };
		BA6D626C21B83BD900671CC3 /* TransactionApiResponse.swift in Sources */ = {isa = PBXBuildFile; fileRef = BA6D626B21B83BD900671CC3 /* TransactionApiResponse.swift */; };
		BA9B708B21BD091300290314 /* EventTrans.swift in Sources */ = {isa = PBXBuildFile; fileRef = BA9B708A21BD091300290314 /* EventTrans.swift */; };
		BA9B708D21BD0AD400290314 /* MapEventTrans.swift in Sources */ = {isa = PBXBuildFile; fileRef = BA9B708C21BD0AD400290314 /* MapEventTrans.swift */; };
		BA9B709421BD8D5100290314 /* SearchDetailViewController.xib in Resources */ = {isa = PBXBuildFile; fileRef = BA9B709221BD8D5000290314 /* SearchDetailViewController.xib */; };
		BA9B709521BD8D5100290314 /* SearchDetailViewController.swift in Sources */ = {isa = PBXBuildFile; fileRef = BA9B709321BD8D5000290314 /* SearchDetailViewController.swift */; };
		BA9B709721BD9F8E00290314 /* SearchDetailViewController+TableViewController.swift in Sources */ = {isa = PBXBuildFile; fileRef = BA9B709621BD9F8E00290314 /* SearchDetailViewController+TableViewController.swift */; };
		BAA6AE63218F74440029F421 /* SectionHeaderCollectionReusableView.swift in Sources */ = {isa = PBXBuildFile; fileRef = BAA6AE61218F74440029F421 /* SectionHeaderCollectionReusableView.swift */; };
		BAA6AE64218F74440029F421 /* SectionHeaderCollectionReusableView.xib in Resources */ = {isa = PBXBuildFile; fileRef = BAA6AE62218F74440029F421 /* SectionHeaderCollectionReusableView.xib */; };
		BAB1E28421870679004CBC48 /* RecoverUserInteractor.swift in Sources */ = {isa = PBXBuildFile; fileRef = BAB1E28321870679004CBC48 /* RecoverUserInteractor.swift */; };
		BAB1E286218706FA004CBC48 /* RecoverUserInteractorNSURLSessionImpl.swift in Sources */ = {isa = PBXBuildFile; fileRef = BAB1E285218706FA004CBC48 /* RecoverUserInteractorNSURLSessionImpl.swift */; };
		BAC173772190BCB4000A94A0 /* FindViewController.swift in Sources */ = {isa = PBXBuildFile; fileRef = BAC173752190BCB4000A94A0 /* FindViewController.swift */; };
		BAC173782190BCB4000A94A0 /* FindViewController.xib in Resources */ = {isa = PBXBuildFile; fileRef = BAC173762190BCB4000A94A0 /* FindViewController.xib */; };
		BAC1737B2190CE7D000A94A0 /* EventDetailViewController.swift in Sources */ = {isa = PBXBuildFile; fileRef = BAC173792190CE7D000A94A0 /* EventDetailViewController.swift */; };
		BAC1737C2190CE7D000A94A0 /* EventDetailViewController.xib in Resources */ = {isa = PBXBuildFile; fileRef = BAC1737A2190CE7D000A94A0 /* EventDetailViewController.xib */; };
		BAC28898219C3709000AA7B2 /* UIViewAssists+constraints.swift in Sources */ = {isa = PBXBuildFile; fileRef = BAC28897219C3709000AA7B2 /* UIViewAssists+constraints.swift */; };
		BAC2889C219C45C3000AA7B2 /* DownloadAssistsInteractorFakeImpl.swift in Sources */ = {isa = PBXBuildFile; fileRef = BAC2889B219C45C3000AA7B2 /* DownloadAssistsInteractorFakeImpl.swift */; };
		BAC57666218B8F4900C735C6 /* Event.swift in Sources */ = {isa = PBXBuildFile; fileRef = BAC57665218B8F4900C735C6 /* Event.swift */; };
		BAC57668218B906F00C735C6 /* Events.swift in Sources */ = {isa = PBXBuildFile; fileRef = BAC57667218B906F00C735C6 /* Events.swift */; };
		BAC5766A218B912600C735C6 /* DownloadEventsInteractor.swift in Sources */ = {isa = PBXBuildFile; fileRef = BAC57669218B912600C735C6 /* DownloadEventsInteractor.swift */; };
		BAC5766C218B916B00C735C6 /* DownloadEventsInteractorFakeImpl.swift in Sources */ = {isa = PBXBuildFile; fileRef = BAC5766B218B916B00C735C6 /* DownloadEventsInteractorFakeImpl.swift */; };
		BAC5766E218B947500C735C6 /* EventsViewController+CollectionViewController.swift in Sources */ = {isa = PBXBuildFile; fileRef = BAC5766D218B947500C735C6 /* EventsViewController+CollectionViewController.swift */; };
		BAC57672218B97A200C735C6 /* EventCollectionViewCell.swift in Sources */ = {isa = PBXBuildFile; fileRef = BAC57670218B97A200C735C6 /* EventCollectionViewCell.swift */; };
		BAC57673218B97A200C735C6 /* EventCollectionViewCell.xib in Resources */ = {isa = PBXBuildFile; fileRef = BAC57671218B97A200C735C6 /* EventCollectionViewCell.xib */; };
		BACDE3E921A9493B007452F0 /* OptionalExtensions.swift in Sources */ = {isa = PBXBuildFile; fileRef = BACDE3E821A9493B007452F0 /* OptionalExtensions.swift */; };
		BACDE3EB21A9DA5E007452F0 /* EventAPI.swift in Sources */ = {isa = PBXBuildFile; fileRef = BACDE3EA21A9DA5E007452F0 /* EventAPI.swift */; };
		BACDE3ED21A9DF5A007452F0 /* DownloadEventsInteractorNSURLSessionImpl.swift in Sources */ = {isa = PBXBuildFile; fileRef = BACDE3EC21A9DF5A007452F0 /* DownloadEventsInteractorNSURLSessionImpl.swift */; };
		BACDE3F021AA9E47007452F0 /* MapEvent.swift in Sources */ = {isa = PBXBuildFile; fileRef = BACDE3EF21AA9E47007452F0 /* MapEvent.swift */; };
		BACDE3F321AAA80B007452F0 /* JSONParserEvent.swift in Sources */ = {isa = PBXBuildFile; fileRef = BACDE3F221AAA80B007452F0 /* JSONParserEvent.swift */; };
		BAD7876D219B4406000A44EC /* ProfileViewController+ImagePickerController.swift in Sources */ = {isa = PBXBuildFile; fileRef = BAD7876C219B4406000A44EC /* ProfileViewController+ImagePickerController.swift */; };
		BAD7876F219B493C000A44EC /* UserDefaultsExtensions.swift in Sources */ = {isa = PBXBuildFile; fileRef = BAD7876E219B493C000A44EC /* UserDefaultsExtensions.swift */; };
		BAE4316721BBBEFB008FA34A /* DownloadAssistsInteractor.swift in Sources */ = {isa = PBXBuildFile; fileRef = BAE4316621BBBEFB008FA34A /* DownloadAssistsInteractor.swift */; };
		BAE4316921BBBF50008FA34A /* DownloadAssistsInteractorNSURLSessionImpl.swift in Sources */ = {isa = PBXBuildFile; fileRef = BAE4316821BBBF50008FA34A /* DownloadAssistsInteractorNSURLSessionImpl.swift */; };
		BAE4316B21BBC1E2008FA34A /* TransactionsListAPI.swift in Sources */ = {isa = PBXBuildFile; fileRef = BAE4316A21BBC1E2008FA34A /* TransactionsListAPI.swift */; };
		BAE4316D21BBC36E008FA34A /* JSONParserTransList.swift in Sources */ = {isa = PBXBuildFile; fileRef = BAE4316C21BBC36E008FA34A /* JSONParserTransList.swift */; };
		BAE4316F21BBD0A8008FA34A /* FavoriteSearchsAPI.swift in Sources */ = {isa = PBXBuildFile; fileRef = BAE4316E21BBD0A8008FA34A /* FavoriteSearchsAPI.swift */; };
		BAE4317121BBD30D008FA34A /* Search.swift in Sources */ = {isa = PBXBuildFile; fileRef = BAE4317021BBD30D008FA34A /* Search.swift */; };
		BAE4317321BBD5E8008FA34A /* JSONParserSearch.swift in Sources */ = {isa = PBXBuildFile; fileRef = BAE4317221BBD5E8008FA34A /* JSONParserSearch.swift */; };
		BAE4317521BC5876008FA34A /* UserUpdate.swift in Sources */ = {isa = PBXBuildFile; fileRef = BAE4317421BC5876008FA34A /* UserUpdate.swift */; };
		BAF21FDD21AEF361005BE449 /* City.swift in Sources */ = {isa = PBXBuildFile; fileRef = BAF21FDC21AEF361005BE449 /* City.swift */; };
		BAF21FDF21AEF51A005BE449 /* CityAPI.swift in Sources */ = {isa = PBXBuildFile; fileRef = BAF21FDE21AEF51A005BE449 /* CityAPI.swift */; };
		BAF21FE121AEF56D005BE449 /* GetCitiesInteractor.swift in Sources */ = {isa = PBXBuildFile; fileRef = BAF21FE021AEF56D005BE449 /* GetCitiesInteractor.swift */; };
		BAF21FE321AEF5F1005BE449 /* GetCitiesInteractorNSURLSessionImpl.swift in Sources */ = {isa = PBXBuildFile; fileRef = BAF21FE221AEF5F1005BE449 /* GetCitiesInteractorNSURLSessionImpl.swift */; };
		BAF21FE621AF4726005BE449 /* DistanceTableViewCell.swift in Sources */ = {isa = PBXBuildFile; fileRef = BAF21FE421AF4726005BE449 /* DistanceTableViewCell.swift */; };
		BAF21FE721AF4726005BE449 /* DistanceTableViewCell.xib in Resources */ = {isa = PBXBuildFile; fileRef = BAF21FE521AF4726005BE449 /* DistanceTableViewCell.xib */; };
		BAF74D7021936C8900E731DC /* EventDetailViewController+MapKit.swift in Sources */ = {isa = PBXBuildFile; fileRef = BAF74D6F21936C8900E731DC /* EventDetailViewController+MapKit.swift */; };
		BAF74D7221936FEE00E731DC /* EventAnnotation.swift in Sources */ = {isa = PBXBuildFile; fileRef = BAF74D7121936FEE00E731DC /* EventAnnotation.swift */; };
		BAF920FF21B59F6F007D0E06 /* Transaction.swift in Sources */ = {isa = PBXBuildFile; fileRef = BAF920FE21B59F6F007D0E06 /* Transaction.swift */; };
		BAF9210121B5A426007D0E06 /* TransactionInteractor.swift in Sources */ = {isa = PBXBuildFile; fileRef = BAF9210021B5A426007D0E06 /* TransactionInteractor.swift */; };
		BAF9210321B5A499007D0E06 /* TransactionInteractorNSURLSessionImpl.swift in Sources */ = {isa = PBXBuildFile; fileRef = BAF9210221B5A499007D0E06 /* TransactionInteractorNSURLSessionImpl.swift */; };
		BAF9210521B5B8A5007D0E06 /* TransactionApi.swift in Sources */ = {isa = PBXBuildFile; fileRef = BAF9210421B5B8A5007D0E06 /* TransactionApi.swift */; };
/* End PBXBuildFile section */

/* Begin PBXContainerItemProxy section */
		BA59882B21768F100065D77D /* PBXContainerItemProxy */ = {
			isa = PBXContainerItemProxy;
			containerPortal = BA59880E21768F0F0065D77D /* Project object */;
			proxyType = 1;
			remoteGlobalIDString = BA59881521768F0F0065D77D;
			remoteInfo = ForEvents;
		};
/* End PBXContainerItemProxy section */

/* Begin PBXFileReference section */
		539569184D7B0A4E48707364 /* Pods-ForEvents.debug.xcconfig */ = {isa = PBXFileReference; includeInIndex = 1; lastKnownFileType = text.xcconfig; name = "Pods-ForEvents.debug.xcconfig"; path = "Pods/Target Support Files/Pods-ForEvents/Pods-ForEvents.debug.xcconfig"; sourceTree = "<group>"; };
		576F42F5B34B733164B0D2E3 /* Pods-ForEventsTests.release.xcconfig */ = {isa = PBXFileReference; includeInIndex = 1; lastKnownFileType = text.xcconfig; name = "Pods-ForEventsTests.release.xcconfig"; path = "Pods/Target Support Files/Pods-ForEventsTests/Pods-ForEventsTests.release.xcconfig"; sourceTree = "<group>"; };
		5E5DCD5C58FDD8799D37E477 /* Pods-ForEventsTests.debug.xcconfig */ = {isa = PBXFileReference; includeInIndex = 1; lastKnownFileType = text.xcconfig; name = "Pods-ForEventsTests.debug.xcconfig"; path = "Pods/Target Support Files/Pods-ForEventsTests/Pods-ForEventsTests.debug.xcconfig"; sourceTree = "<group>"; };
		94B2021C0C5DDA398A29DB0A /* Pods-ForEvents.release.xcconfig */ = {isa = PBXFileReference; includeInIndex = 1; lastKnownFileType = text.xcconfig; name = "Pods-ForEvents.release.xcconfig"; path = "Pods/Target Support Files/Pods-ForEvents/Pods-ForEvents.release.xcconfig"; sourceTree = "<group>"; };
		9820569C11C02EFE44C387A7 /* Pods_ForEventsTests.framework */ = {isa = PBXFileReference; explicitFileType = wrapper.framework; includeInIndex = 0; path = Pods_ForEventsTests.framework; sourceTree = BUILT_PRODUCTS_DIR; };
		9C105BB7677DFCF0CBFD4AC7 /* Pods_ForEvents.framework */ = {isa = PBXFileReference; explicitFileType = wrapper.framework; includeInIndex = 0; path = Pods_ForEvents.framework; sourceTree = BUILT_PRODUCTS_DIR; };
		BA05873021B3F43E008B4875 /* ConfigureSearchTextField.swift */ = {isa = PBXFileReference; lastKnownFileType = sourcecode.swift; path = ConfigureSearchTextField.swift; sourceTree = "<group>"; };
		BA09DDFA21AC0AF20009FAF4 /* GetUserInteractor.swift */ = {isa = PBXFileReference; lastKnownFileType = sourcecode.swift; path = GetUserInteractor.swift; sourceTree = "<group>"; };
		BA09DDFC21AC0B6A0009FAF4 /* GetUserInteractorNSURLSessionImpl.swift */ = {isa = PBXFileReference; lastKnownFileType = sourcecode.swift; path = GetUserInteractorNSURLSessionImpl.swift; sourceTree = "<group>"; };
		BA09DE0021AC159D0009FAF4 /* Token.swift */ = {isa = PBXFileReference; lastKnownFileType = sourcecode.swift; path = Token.swift; sourceTree = "<group>"; };
		BA09DE0221AC33D30009FAF4 /* UserGet.swift */ = {isa = PBXFileReference; lastKnownFileType = sourcecode.swift; path = UserGet.swift; sourceTree = "<group>"; };
		BA09DE0421AC6EE40009FAF4 /* UpdateUserInteractor.swift */ = {isa = PBXFileReference; lastKnownFileType = sourcecode.swift; path = UpdateUserInteractor.swift; sourceTree = "<group>"; };
		BA09DE0621AC6F450009FAF4 /* UpdateUserInteractorNSURLSessionImpl.swift */ = {isa = PBXFileReference; lastKnownFileType = sourcecode.swift; path = UpdateUserInteractorNSURLSessionImpl.swift; sourceTree = "<group>"; };
		BA0B1F4321B928C800649146 /* FavoriteSearchInteractor.swift */ = {isa = PBXFileReference; lastKnownFileType = sourcecode.swift; path = FavoriteSearchInteractor.swift; sourceTree = "<group>"; };
		BA0B1F4521B9296900649146 /* FavoriteSearchInteractorNSURLSessionImpl.swift */ = {isa = PBXFileReference; lastKnownFileType = sourcecode.swift; path = FavoriteSearchInteractorNSURLSessionImpl.swift; sourceTree = "<group>"; };
		BA0B1F4721B9359800649146 /* FavoriteSearchApiResponse.swift */ = {isa = PBXFileReference; lastKnownFileType = sourcecode.swift; path = FavoriteSearchApiResponse.swift; sourceTree = "<group>"; };
		BA0C52D421AD611A00C3D1E5 /* DeleteUserInteractor.swift */ = {isa = PBXFileReference; lastKnownFileType = sourcecode.swift; path = DeleteUserInteractor.swift; sourceTree = "<group>"; };
		BA0C52D621AD616500C3D1E5 /* DeleteUserInteractorNSURLSessionImpl.swift */ = {isa = PBXFileReference; lastKnownFileType = sourcecode.swift; path = DeleteUserInteractorNSURLSessionImpl.swift; sourceTree = "<group>"; };
		BA0C52D821ADA7ED00C3D1E5 /* EventTypeTableViewCell.swift */ = {isa = PBXFileReference; lastKnownFileType = sourcecode.swift; path = EventTypeTableViewCell.swift; sourceTree = "<group>"; };
		BA0C52D921ADA7ED00C3D1E5 /* EventTypeTableViewCell.xib */ = {isa = PBXFileReference; lastKnownFileType = file.xib; path = EventTypeTableViewCell.xib; sourceTree = "<group>"; };
		BA0C52DC21ADAA8D00C3D1E5 /* EventTypeAPI.swift */ = {isa = PBXFileReference; lastKnownFileType = sourcecode.swift; path = EventTypeAPI.swift; sourceTree = "<group>"; };
		BA0C52DE21ADAAD700C3D1E5 /* EventType.swift */ = {isa = PBXFileReference; lastKnownFileType = sourcecode.swift; path = EventType.swift; sourceTree = "<group>"; };
		BA0C52E021ADAF2800C3D1E5 /* DownloadEventTypesInteractor.swift */ = {isa = PBXFileReference; lastKnownFileType = sourcecode.swift; path = DownloadEventTypesInteractor.swift; sourceTree = "<group>"; };
		BA0C52E221ADAFB700C3D1E5 /* DownloadEventTypesInteractorNSURLSessionImpl.swift */ = {isa = PBXFileReference; lastKnownFileType = sourcecode.swift; path = DownloadEventTypesInteractorNSURLSessionImpl.swift; sourceTree = "<group>"; };
		BA0C52E421ADB30A00C3D1E5 /* FindViewController+TableViewController.swift */ = {isa = PBXFileReference; lastKnownFileType = sourcecode.swift; path = "FindViewController+TableViewController.swift"; sourceTree = "<group>"; };
		BA0C52E621ADC9DC00C3D1E5 /* EventTypeCheck.swift */ = {isa = PBXFileReference; lastKnownFileType = sourcecode.swift; path = EventTypeCheck.swift; sourceTree = "<group>"; };
		BA1A397C21C04BFF0066212C /* SaveTokenDeviceInUserInteractor.swift */ = {isa = PBXFileReference; lastKnownFileType = sourcecode.swift; path = SaveTokenDeviceInUserInteractor.swift; sourceTree = "<group>"; };
		BA1A397E21C04C8A0066212C /* SaveTokenDeviceInUserInteractorNSURLSessionImpl.swift */ = {isa = PBXFileReference; lastKnownFileType = sourcecode.swift; path = SaveTokenDeviceInUserInteractorNSURLSessionImpl.swift; sourceTree = "<group>"; };
		BA1A398221C05AED0066212C /* TokenFB.swift */ = {isa = PBXFileReference; lastKnownFileType = sourcecode.swift; path = TokenFB.swift; sourceTree = "<group>"; };
		BA1A398421C0F0590066212C /* NotificationEvent.swift */ = {isa = PBXFileReference; lastKnownFileType = sourcecode.swift; path = NotificationEvent.swift; sourceTree = "<group>"; };
		BA1A398621C0F9D40066212C /* NotificationEventViewController.swift */ = {isa = PBXFileReference; lastKnownFileType = sourcecode.swift; path = NotificationEventViewController.swift; sourceTree = "<group>"; };
		BA1A398721C0F9D40066212C /* NotificationEventViewController.xib */ = {isa = PBXFileReference; lastKnownFileType = file.xib; path = NotificationEventViewController.xib; sourceTree = "<group>"; };
		BA1A398A21C106170066212C /* DownloadEventNotificationInteractor.swift */ = {isa = PBXFileReference; lastKnownFileType = sourcecode.swift; path = DownloadEventNotificationInteractor.swift; sourceTree = "<group>"; };
		BA1A398C21C106980066212C /* DownloadEventNotificationInteractorNSURLSessionImpl.swift */ = {isa = PBXFileReference; lastKnownFileType = sourcecode.swift; path = DownloadEventNotificationInteractorNSURLSessionImpl.swift; sourceTree = "<group>"; };
		BA1D60A421B7079800AF5F2F /* ForEvents.entitlements */ = {isa = PBXFileReference; lastKnownFileType = text.plist.entitlements; path = ForEvents.entitlements; sourceTree = "<group>"; };
		BA1D60A521B7086B00AF5F2F /* AppDelegate+Notifications.swift */ = {isa = PBXFileReference; lastKnownFileType = sourcecode.swift; path = "AppDelegate+Notifications.swift"; sourceTree = "<group>"; };
		BA1D60A721B729C400AF5F2F /* UserNotifications.framework */ = {isa = PBXFileReference; lastKnownFileType = wrapper.framework; name = UserNotifications.framework; path = System/Library/Frameworks/UserNotifications.framework; sourceTree = SDKROOT; };
		BA1E2D972191AC63006D3CBD /* String+Image.swift */ = {isa = PBXFileReference; fileEncoding = 4; lastKnownFileType = sourcecode.swift; path = "String+Image.swift"; sourceTree = "<group>"; };
		BA1E2D9921920878006D3CBD /* EventDetailCollectionViewCell.swift */ = {isa = PBXFileReference; lastKnownFileType = sourcecode.swift; path = EventDetailCollectionViewCell.swift; sourceTree = "<group>"; };
		BA1E2D9A21920878006D3CBD /* EventDetailCollectionViewCell.xib */ = {isa = PBXFileReference; lastKnownFileType = file.xib; path = EventDetailCollectionViewCell.xib; sourceTree = "<group>"; };
		BA1F8E7921A0128200037716 /* CustomColors.swift */ = {isa = PBXFileReference; lastKnownFileType = sourcecode.swift; path = CustomColors.swift; sourceTree = "<group>"; };
		BA20100B21A3FF1D008425CB /* PreferencesViewController.swift */ = {isa = PBXFileReference; lastKnownFileType = sourcecode.swift; path = PreferencesViewController.swift; sourceTree = "<group>"; };
		BA20100C21A3FF1D008425CB /* PreferencesViewController.xib */ = {isa = PBXFileReference; lastKnownFileType = file.xib; path = PreferencesViewController.xib; sourceTree = "<group>"; };
		BA20100F21A498C1008425CB /* EventsDayViewController.swift */ = {isa = PBXFileReference; lastKnownFileType = sourcecode.swift; path = EventsDayViewController.swift; sourceTree = "<group>"; };
		BA20101021A498C1008425CB /* EventsDayViewController.xib */ = {isa = PBXFileReference; lastKnownFileType = file.xib; path = EventsDayViewController.xib; sourceTree = "<group>"; };
		BA20101321A49B99008425CB /* EventsDayViewController+CollectionViewController.swift */ = {isa = PBXFileReference; lastKnownFileType = sourcecode.swift; path = "EventsDayViewController+CollectionViewController.swift"; sourceTree = "<group>"; };
		BA38600221BE6E94001E2798 /* PreferencesViewController+TableViewController.swift */ = {isa = PBXFileReference; lastKnownFileType = sourcecode.swift; path = "PreferencesViewController+TableViewController.swift"; sourceTree = "<group>"; };
		BA47754121831E5E00B8AA40 /* UserLogin.swift */ = {isa = PBXFileReference; lastKnownFileType = sourcecode.swift; path = UserLogin.swift; sourceTree = "<group>"; };
		BA4775432183225400B8AA40 /* LoginUserInteractor.swift */ = {isa = PBXFileReference; lastKnownFileType = sourcecode.swift; path = LoginUserInteractor.swift; sourceTree = "<group>"; };
		BA4775452183230B00B8AA40 /* LoginUserInteractorNSURLSessionImpl.swift */ = {isa = PBXFileReference; lastKnownFileType = sourcecode.swift; path = LoginUserInteractorNSURLSessionImpl.swift; sourceTree = "<group>"; };
		BA477547218378BC00B8AA40 /* createTabBar.swift */ = {isa = PBXFileReference; lastKnownFileType = sourcecode.swift; path = createTabBar.swift; sourceTree = "<group>"; };
		BA59881621768F0F0065D77D /* ForEvents.app */ = {isa = PBXFileReference; explicitFileType = wrapper.application; includeInIndex = 0; path = ForEvents.app; sourceTree = BUILT_PRODUCTS_DIR; };
		BA59881921768F0F0065D77D /* AppDelegate.swift */ = {isa = PBXFileReference; lastKnownFileType = sourcecode.swift; path = AppDelegate.swift; sourceTree = "<group>"; };
		BA59882021768F100065D77D /* Assets.xcassets */ = {isa = PBXFileReference; lastKnownFileType = folder.assetcatalog; path = Assets.xcassets; sourceTree = "<group>"; };
		BA59882321768F100065D77D /* Base */ = {isa = PBXFileReference; lastKnownFileType = file.storyboard; name = Base; path = Base.lproj/LaunchScreen.storyboard; sourceTree = "<group>"; };
		BA59882521768F100065D77D /* Info.plist */ = {isa = PBXFileReference; lastKnownFileType = text.plist.xml; path = Info.plist; sourceTree = "<group>"; };
		BA59882A21768F100065D77D /* ForEventsTests.xctest */ = {isa = PBXFileReference; explicitFileType = wrapper.cfbundle; includeInIndex = 0; path = ForEventsTests.xctest; sourceTree = BUILT_PRODUCTS_DIR; };
		BA59882E21768F100065D77D /* ForEventsTests.swift */ = {isa = PBXFileReference; lastKnownFileType = sourcecode.swift; path = ForEventsTests.swift; sourceTree = "<group>"; };
		BA59883021768F100065D77D /* Info.plist */ = {isa = PBXFileReference; lastKnownFileType = text.plist.xml; path = Info.plist; sourceTree = "<group>"; };
		BA598839217690C60065D77D /* Podfile */ = {isa = PBXFileReference; lastKnownFileType = text; path = Podfile; sourceTree = "<group>"; xcLanguageSpecificationIdentifier = xcode.lang.ruby; };
		BA59883B217691340065D77D /* GoogleService-Info.plist */ = {isa = PBXFileReference; fileEncoding = 4; lastKnownFileType = text.plist.xml; path = "GoogleService-Info.plist"; sourceTree = "<group>"; };
		BA5C730C21A2D91400CE40EB /* DateExtensions.swift */ = {isa = PBXFileReference; lastKnownFileType = sourcecode.swift; path = DateExtensions.swift; sourceTree = "<group>"; };
		BA5C730E21A32F1700CE40EB /* SearchesViewController.swift */ = {isa = PBXFileReference; lastKnownFileType = sourcecode.swift; path = SearchesViewController.swift; sourceTree = "<group>"; };
		BA5C730F21A32F1700CE40EB /* SearchesViewController.xib */ = {isa = PBXFileReference; lastKnownFileType = file.xib; path = SearchesViewController.xib; sourceTree = "<group>"; };
		BA5C731421A33DBD00CE40EB /* Searches.swift */ = {isa = PBXFileReference; lastKnownFileType = sourcecode.swift; path = Searches.swift; sourceTree = "<group>"; };
		BA5C731621A33E6100CE40EB /* DownloadSearchesInteractor.swift */ = {isa = PBXFileReference; lastKnownFileType = sourcecode.swift; path = DownloadSearchesInteractor.swift; sourceTree = "<group>"; };
		BA5C731821A33EB100CE40EB /* DownloadSearchesInteractorNSURLSessionImpl.swift */ = {isa = PBXFileReference; lastKnownFileType = sourcecode.swift; path = DownloadSearchesInteractorNSURLSessionImpl.swift; sourceTree = "<group>"; };
		BA5C731A21A3424600CE40EB /* SearchesViewController+TableViewController.swift */ = {isa = PBXFileReference; lastKnownFileType = sourcecode.swift; path = "SearchesViewController+TableViewController.swift"; sourceTree = "<group>"; };
		BA5CF73B21806C9F00419990 /* KeychainTokenItem.swift */ = {isa = PBXFileReference; fileEncoding = 4; lastKnownFileType = sourcecode.swift; path = KeychainTokenItem.swift; sourceTree = "<group>"; };
		BA5CF73D21806F8A00419990 /* ValidateToken.swift */ = {isa = PBXFileReference; lastKnownFileType = sourcecode.swift; path = ValidateToken.swift; sourceTree = "<group>"; };
		BA5CF7412180769400419990 /* LoginViewController.swift */ = {isa = PBXFileReference; fileEncoding = 4; lastKnownFileType = sourcecode.swift; path = LoginViewController.swift; sourceTree = "<group>"; };
		BA5CF7422180769400419990 /* RegisterViewController.swift */ = {isa = PBXFileReference; fileEncoding = 4; lastKnownFileType = sourcecode.swift; path = RegisterViewController.swift; sourceTree = "<group>"; };
		BA5CF7452180772700419990 /* EventsViewController.swift */ = {isa = PBXFileReference; fileEncoding = 4; lastKnownFileType = sourcecode.swift; path = EventsViewController.swift; sourceTree = "<group>"; };
		BA5CF7462180772700419990 /* MapViewController.swift */ = {isa = PBXFileReference; fileEncoding = 4; lastKnownFileType = sourcecode.swift; path = MapViewController.swift; sourceTree = "<group>"; };
		BA5CF7472180772700419990 /* ProfileViewController.swift */ = {isa = PBXFileReference; fileEncoding = 4; lastKnownFileType = sourcecode.swift; path = ProfileViewController.swift; sourceTree = "<group>"; };
		BA5CF7482180772700419990 /* CalendarViewController.swift */ = {isa = PBXFileReference; fileEncoding = 4; lastKnownFileType = sourcecode.swift; path = CalendarViewController.swift; sourceTree = "<group>"; };
		BA5CF74E2180777500419990 /* UIviewController+Additions.swift */ = {isa = PBXFileReference; fileEncoding = 4; lastKnownFileType = sourcecode.swift; path = "UIviewController+Additions.swift"; sourceTree = "<group>"; };
		BA5CF7502180783400419990 /* Typealias.swift */ = {isa = PBXFileReference; fileEncoding = 4; lastKnownFileType = sourcecode.swift; path = Typealias.swift; sourceTree = "<group>"; };
		BA5CF7512180783400419990 /* Alerts.swift */ = {isa = PBXFileReference; fileEncoding = 4; lastKnownFileType = sourcecode.swift; path = Alerts.swift; sourceTree = "<group>"; };
		BA5CF7542180788A00419990 /* CalendarViewController.xib */ = {isa = PBXFileReference; fileEncoding = 4; lastKnownFileType = file.xib; path = CalendarViewController.xib; sourceTree = "<group>"; };
		BA5CF7552180788A00419990 /* ProfileViewController.xib */ = {isa = PBXFileReference; fileEncoding = 4; lastKnownFileType = file.xib; path = ProfileViewController.xib; sourceTree = "<group>"; };
		BA5CF7562180788A00419990 /* LoginViewController.xib */ = {isa = PBXFileReference; fileEncoding = 4; lastKnownFileType = file.xib; path = LoginViewController.xib; sourceTree = "<group>"; };
		BA5CF7572180788A00419990 /* EventsViewController.xib */ = {isa = PBXFileReference; fileEncoding = 4; lastKnownFileType = file.xib; path = EventsViewController.xib; sourceTree = "<group>"; };
		BA5CF7582180788A00419990 /* MapViewController.xib */ = {isa = PBXFileReference; fileEncoding = 4; lastKnownFileType = file.xib; path = MapViewController.xib; sourceTree = "<group>"; };
		BA5CF7592180788A00419990 /* RegisterViewController.xib */ = {isa = PBXFileReference; fileEncoding = 4; lastKnownFileType = file.xib; path = RegisterViewController.xib; sourceTree = "<group>"; };
		BA5CF7602180CDDE00419990 /* Constants.swift */ = {isa = PBXFileReference; lastKnownFileType = sourcecode.swift; path = Constants.swift; sourceTree = "<group>"; };
		BA5CF7622180D0D500419990 /* StringExtensions.swift */ = {isa = PBXFileReference; lastKnownFileType = sourcecode.swift; path = StringExtensions.swift; sourceTree = "<group>"; };
		BA5F70BD21920BF0006F32F0 /* EventDetailViewController+CollectionViewController.swift */ = {isa = PBXFileReference; lastKnownFileType = sourcecode.swift; path = "EventDetailViewController+CollectionViewController.swift"; sourceTree = "<group>"; };
		BA602D2F2181AD320075B64B /* User.swift */ = {isa = PBXFileReference; lastKnownFileType = sourcecode.swift; path = User.swift; sourceTree = "<group>"; };
		BA602D312181B6970075B64B /* ExecuteInteractor.swift */ = {isa = PBXFileReference; fileEncoding = 4; lastKnownFileType = sourcecode.swift; path = ExecuteInteractor.swift; sourceTree = "<group>"; };
		BA602D332181BB4D0075B64B /* ExecuteInteractorImpl.swift */ = {isa = PBXFileReference; fileEncoding = 4; lastKnownFileType = sourcecode.swift; path = ExecuteInteractorImpl.swift; sourceTree = "<group>"; };
		BA602D352181BBC40075B64B /* RegisterUserInteractor.swift */ = {isa = PBXFileReference; lastKnownFileType = sourcecode.swift; path = RegisterUserInteractor.swift; sourceTree = "<group>"; };
		BA602D372181BC9B0075B64B /* RegisterUserInteractorNSURLSessionImpl.swift */ = {isa = PBXFileReference; lastKnownFileType = sourcecode.swift; path = RegisterUserInteractorNSURLSessionImpl.swift; sourceTree = "<group>"; };
		BA602D40218226C40075B64B /* ResponseApi.swift */ = {isa = PBXFileReference; lastKnownFileType = sourcecode.swift; path = ResponseApi.swift; sourceTree = "<group>"; };
		BA65EDE6219ED28B00B26C96 /* SearchTableViewCell.swift */ = {isa = PBXFileReference; lastKnownFileType = sourcecode.swift; path = SearchTableViewCell.swift; sourceTree = "<group>"; };
		BA65EDE7219ED28B00B26C96 /* SearchTableViewCell.xib */ = {isa = PBXFileReference; lastKnownFileType = file.xib; path = SearchTableViewCell.xib; sourceTree = "<group>"; };
		BA65EDEA219F3B6E00B26C96 /* AssistsViewController.swift */ = {isa = PBXFileReference; lastKnownFileType = sourcecode.swift; path = AssistsViewController.swift; sourceTree = "<group>"; };
		BA65EDEB219F3B6E00B26C96 /* AssistsViewController.xib */ = {isa = PBXFileReference; lastKnownFileType = file.xib; path = AssistsViewController.xib; sourceTree = "<group>"; };
		BA65EDEE219F424F00B26C96 /* AssistsViewController+CollectionViewController.swift */ = {isa = PBXFileReference; lastKnownFileType = sourcecode.swift; path = "AssistsViewController+CollectionViewController.swift"; sourceTree = "<group>"; };
		BA6D626B21B83BD900671CC3 /* TransactionApiResponse.swift */ = {isa = PBXFileReference; lastKnownFileType = sourcecode.swift; path = TransactionApiResponse.swift; sourceTree = "<group>"; };
		BA9B708A21BD091300290314 /* EventTrans.swift */ = {isa = PBXFileReference; lastKnownFileType = sourcecode.swift; path = EventTrans.swift; sourceTree = "<group>"; };
		BA9B708C21BD0AD400290314 /* MapEventTrans.swift */ = {isa = PBXFileReference; lastKnownFileType = sourcecode.swift; path = MapEventTrans.swift; sourceTree = "<group>"; };
		BA9B709221BD8D5000290314 /* SearchDetailViewController.xib */ = {isa = PBXFileReference; fileEncoding = 4; lastKnownFileType = file.xib; path = SearchDetailViewController.xib; sourceTree = "<group>"; };
		BA9B709321BD8D5000290314 /* SearchDetailViewController.swift */ = {isa = PBXFileReference; fileEncoding = 4; lastKnownFileType = sourcecode.swift; path = SearchDetailViewController.swift; sourceTree = "<group>"; };
		BA9B709621BD9F8E00290314 /* SearchDetailViewController+TableViewController.swift */ = {isa = PBXFileReference; lastKnownFileType = sourcecode.swift; path = "SearchDetailViewController+TableViewController.swift"; sourceTree = "<group>"; };
		BAA6AE61218F74440029F421 /* SectionHeaderCollectionReusableView.swift */ = {isa = PBXFileReference; lastKnownFileType = sourcecode.swift; path = SectionHeaderCollectionReusableView.swift; sourceTree = "<group>"; };
		BAA6AE62218F74440029F421 /* SectionHeaderCollectionReusableView.xib */ = {isa = PBXFileReference; lastKnownFileType = file.xib; path = SectionHeaderCollectionReusableView.xib; sourceTree = "<group>"; };
		BAB1E28321870679004CBC48 /* RecoverUserInteractor.swift */ = {isa = PBXFileReference; lastKnownFileType = sourcecode.swift; path = RecoverUserInteractor.swift; sourceTree = "<group>"; };
		BAB1E285218706FA004CBC48 /* RecoverUserInteractorNSURLSessionImpl.swift */ = {isa = PBXFileReference; lastKnownFileType = sourcecode.swift; path = RecoverUserInteractorNSURLSessionImpl.swift; sourceTree = "<group>"; };
		BAC173752190BCB4000A94A0 /* FindViewController.swift */ = {isa = PBXFileReference; lastKnownFileType = sourcecode.swift; path = FindViewController.swift; sourceTree = "<group>"; };
		BAC173762190BCB4000A94A0 /* FindViewController.xib */ = {isa = PBXFileReference; lastKnownFileType = file.xib; path = FindViewController.xib; sourceTree = "<group>"; };
		BAC173792190CE7D000A94A0 /* EventDetailViewController.swift */ = {isa = PBXFileReference; lastKnownFileType = sourcecode.swift; path = EventDetailViewController.swift; sourceTree = "<group>"; };
		BAC1737A2190CE7D000A94A0 /* EventDetailViewController.xib */ = {isa = PBXFileReference; lastKnownFileType = file.xib; path = EventDetailViewController.xib; sourceTree = "<group>"; };
		BAC28897219C3709000AA7B2 /* UIViewAssists+constraints.swift */ = {isa = PBXFileReference; fileEncoding = 4; lastKnownFileType = sourcecode.swift; path = "UIViewAssists+constraints.swift"; sourceTree = "<group>"; };
		BAC2889B219C45C3000AA7B2 /* DownloadAssistsInteractorFakeImpl.swift */ = {isa = PBXFileReference; lastKnownFileType = sourcecode.swift; path = DownloadAssistsInteractorFakeImpl.swift; sourceTree = "<group>"; };
		BAC57665218B8F4900C735C6 /* Event.swift */ = {isa = PBXFileReference; lastKnownFileType = sourcecode.swift; path = Event.swift; sourceTree = "<group>"; };
		BAC57667218B906F00C735C6 /* Events.swift */ = {isa = PBXFileReference; lastKnownFileType = sourcecode.swift; path = Events.swift; sourceTree = "<group>"; };
		BAC57669218B912600C735C6 /* DownloadEventsInteractor.swift */ = {isa = PBXFileReference; lastKnownFileType = sourcecode.swift; path = DownloadEventsInteractor.swift; sourceTree = "<group>"; };
		BAC5766B218B916B00C735C6 /* DownloadEventsInteractorFakeImpl.swift */ = {isa = PBXFileReference; lastKnownFileType = sourcecode.swift; path = DownloadEventsInteractorFakeImpl.swift; sourceTree = "<group>"; };
		BAC5766D218B947500C735C6 /* EventsViewController+CollectionViewController.swift */ = {isa = PBXFileReference; lastKnownFileType = sourcecode.swift; path = "EventsViewController+CollectionViewController.swift"; sourceTree = "<group>"; };
		BAC57670218B97A200C735C6 /* EventCollectionViewCell.swift */ = {isa = PBXFileReference; lastKnownFileType = sourcecode.swift; path = EventCollectionViewCell.swift; sourceTree = "<group>"; };
		BAC57671218B97A200C735C6 /* EventCollectionViewCell.xib */ = {isa = PBXFileReference; lastKnownFileType = file.xib; path = EventCollectionViewCell.xib; sourceTree = "<group>"; };
		BACDE3E821A9493B007452F0 /* OptionalExtensions.swift */ = {isa = PBXFileReference; lastKnownFileType = sourcecode.swift; path = OptionalExtensions.swift; sourceTree = "<group>"; };
		BACDE3EA21A9DA5E007452F0 /* EventAPI.swift */ = {isa = PBXFileReference; lastKnownFileType = sourcecode.swift; path = EventAPI.swift; sourceTree = "<group>"; };
		BACDE3EC21A9DF5A007452F0 /* DownloadEventsInteractorNSURLSessionImpl.swift */ = {isa = PBXFileReference; lastKnownFileType = sourcecode.swift; path = DownloadEventsInteractorNSURLSessionImpl.swift; sourceTree = "<group>"; };
		BACDE3EF21AA9E47007452F0 /* MapEvent.swift */ = {isa = PBXFileReference; lastKnownFileType = sourcecode.swift; path = MapEvent.swift; sourceTree = "<group>"; };
		BACDE3F221AAA80B007452F0 /* JSONParserEvent.swift */ = {isa = PBXFileReference; lastKnownFileType = sourcecode.swift; path = JSONParserEvent.swift; sourceTree = "<group>"; };
		BAD7876C219B4406000A44EC /* ProfileViewController+ImagePickerController.swift */ = {isa = PBXFileReference; lastKnownFileType = sourcecode.swift; path = "ProfileViewController+ImagePickerController.swift"; sourceTree = "<group>"; };
		BAD7876E219B493C000A44EC /* UserDefaultsExtensions.swift */ = {isa = PBXFileReference; lastKnownFileType = sourcecode.swift; path = UserDefaultsExtensions.swift; sourceTree = "<group>"; };
		BAE4316621BBBEFB008FA34A /* DownloadAssistsInteractor.swift */ = {isa = PBXFileReference; lastKnownFileType = sourcecode.swift; path = DownloadAssistsInteractor.swift; sourceTree = "<group>"; };
		BAE4316821BBBF50008FA34A /* DownloadAssistsInteractorNSURLSessionImpl.swift */ = {isa = PBXFileReference; lastKnownFileType = sourcecode.swift; path = DownloadAssistsInteractorNSURLSessionImpl.swift; sourceTree = "<group>"; };
		BAE4316A21BBC1E2008FA34A /* TransactionsListAPI.swift */ = {isa = PBXFileReference; lastKnownFileType = sourcecode.swift; path = TransactionsListAPI.swift; sourceTree = "<group>"; };
		BAE4316C21BBC36E008FA34A /* JSONParserTransList.swift */ = {isa = PBXFileReference; lastKnownFileType = sourcecode.swift; path = JSONParserTransList.swift; sourceTree = "<group>"; };
		BAE4316E21BBD0A8008FA34A /* FavoriteSearchsAPI.swift */ = {isa = PBXFileReference; lastKnownFileType = sourcecode.swift; path = FavoriteSearchsAPI.swift; sourceTree = "<group>"; };
		BAE4317021BBD30D008FA34A /* Search.swift */ = {isa = PBXFileReference; fileEncoding = 4; lastKnownFileType = sourcecode.swift; path = Search.swift; sourceTree = "<group>"; };
		BAE4317221BBD5E8008FA34A /* JSONParserSearch.swift */ = {isa = PBXFileReference; lastKnownFileType = sourcecode.swift; path = JSONParserSearch.swift; sourceTree = "<group>"; };
		BAE4317421BC5876008FA34A /* UserUpdate.swift */ = {isa = PBXFileReference; lastKnownFileType = sourcecode.swift; path = UserUpdate.swift; sourceTree = "<group>"; };
		BAF21FDC21AEF361005BE449 /* City.swift */ = {isa = PBXFileReference; lastKnownFileType = sourcecode.swift; path = City.swift; sourceTree = "<group>"; };
		BAF21FDE21AEF51A005BE449 /* CityAPI.swift */ = {isa = PBXFileReference; lastKnownFileType = sourcecode.swift; path = CityAPI.swift; sourceTree = "<group>"; };
		BAF21FE021AEF56D005BE449 /* GetCitiesInteractor.swift */ = {isa = PBXFileReference; lastKnownFileType = sourcecode.swift; path = GetCitiesInteractor.swift; sourceTree = "<group>"; };
		BAF21FE221AEF5F1005BE449 /* GetCitiesInteractorNSURLSessionImpl.swift */ = {isa = PBXFileReference; lastKnownFileType = sourcecode.swift; path = GetCitiesInteractorNSURLSessionImpl.swift; sourceTree = "<group>"; };
		BAF21FE421AF4726005BE449 /* DistanceTableViewCell.swift */ = {isa = PBXFileReference; lastKnownFileType = sourcecode.swift; path = DistanceTableViewCell.swift; sourceTree = "<group>"; };
		BAF21FE521AF4726005BE449 /* DistanceTableViewCell.xib */ = {isa = PBXFileReference; lastKnownFileType = file.xib; path = DistanceTableViewCell.xib; sourceTree = "<group>"; };
		BAF74D6F21936C8900E731DC /* EventDetailViewController+MapKit.swift */ = {isa = PBXFileReference; lastKnownFileType = sourcecode.swift; path = "EventDetailViewController+MapKit.swift"; sourceTree = "<group>"; };
		BAF74D7121936FEE00E731DC /* EventAnnotation.swift */ = {isa = PBXFileReference; lastKnownFileType = sourcecode.swift; path = EventAnnotation.swift; sourceTree = "<group>"; };
		BAF920FE21B59F6F007D0E06 /* Transaction.swift */ = {isa = PBXFileReference; lastKnownFileType = sourcecode.swift; path = Transaction.swift; sourceTree = "<group>"; };
		BAF9210021B5A426007D0E06 /* TransactionInteractor.swift */ = {isa = PBXFileReference; lastKnownFileType = sourcecode.swift; path = TransactionInteractor.swift; sourceTree = "<group>"; };
		BAF9210221B5A499007D0E06 /* TransactionInteractorNSURLSessionImpl.swift */ = {isa = PBXFileReference; lastKnownFileType = sourcecode.swift; path = TransactionInteractorNSURLSessionImpl.swift; sourceTree = "<group>"; };
		BAF9210421B5B8A5007D0E06 /* TransactionApi.swift */ = {isa = PBXFileReference; lastKnownFileType = sourcecode.swift; path = TransactionApi.swift; sourceTree = "<group>"; };
/* End PBXFileReference section */

/* Begin PBXFrameworksBuildPhase section */
		BA59881321768F0F0065D77D /* Frameworks */ = {
			isa = PBXFrameworksBuildPhase;
			buildActionMask = 2147483647;
			files = (
				BA1D60A821B729C400AF5F2F /* UserNotifications.framework in Frameworks */,
				6AA6434291FCE4FC56E01430 /* Pods_ForEvents.framework in Frameworks */,
			);
			runOnlyForDeploymentPostprocessing = 0;
		};
		BA59882721768F100065D77D /* Frameworks */ = {
			isa = PBXFrameworksBuildPhase;
			buildActionMask = 2147483647;
			files = (
				A709ADFA605E282969AA5840 /* Pods_ForEventsTests.framework in Frameworks */,
			);
			runOnlyForDeploymentPostprocessing = 0;
		};
/* End PBXFrameworksBuildPhase section */

/* Begin PBXGroup section */
		BA59880D21768F0F0065D77D = {
			isa = PBXGroup;
			children = (
				BA598839217690C60065D77D /* Podfile */,
				BA59881821768F0F0065D77D /* ForEvents */,
				BA59882D21768F100065D77D /* ForEventsTests */,
				BA59881721768F0F0065D77D /* Products */,
				C1FE8CC19F0CD5740BBAE7ED /* Pods */,
				E170D54FA07852E955C33D66 /* Frameworks */,
			);
			sourceTree = "<group>";
		};
		BA59881721768F0F0065D77D /* Products */ = {
			isa = PBXGroup;
			children = (
				BA59881621768F0F0065D77D /* ForEvents.app */,
				BA59882A21768F100065D77D /* ForEventsTests.xctest */,
			);
			name = Products;
			sourceTree = "<group>";
		};
		BA59881821768F0F0065D77D /* ForEvents */ = {
			isa = PBXGroup;
			children = (
				BA59881921768F0F0065D77D /* AppDelegate.swift */,
				BA1D60A521B7086B00AF5F2F /* AppDelegate+Notifications.swift */,
				BA1D60A421B7079800AF5F2F /* ForEvents.entitlements */,
				BAC5766F218B977200C735C6 /* Cells */,
				BA5CF73621806A0300419990 /* Commons */,
				BA5CF73721806A0F00419990 /* Controllers */,
				BA5CF73821806A1C00419990 /* Views */,
				BA5CF73921806A2F00419990 /* Interactors */,
				BA5CF73A21806A4200419990 /* Model */,
				BA59882521768F100065D77D /* Info.plist */,
				BA59883B217691340065D77D /* GoogleService-Info.plist */,
				BA5CF74D2180775800419990 /* Extensions */,
			);
			path = ForEvents;
			sourceTree = "<group>";
		};
		BA59882D21768F100065D77D /* ForEventsTests */ = {
			isa = PBXGroup;
			children = (
				BA59882E21768F100065D77D /* ForEventsTests.swift */,
				BA59883021768F100065D77D /* Info.plist */,
			);
			path = ForEventsTests;
			sourceTree = "<group>";
		};
		BA5CF73621806A0300419990 /* Commons */ = {
			isa = PBXGroup;
			children = (
				BA5CF7602180CDDE00419990 /* Constants.swift */,
				BA1F8E7921A0128200037716 /* CustomColors.swift */,
				BA5CF7512180783400419990 /* Alerts.swift */,
				BA5CF7502180783400419990 /* Typealias.swift */,
				BA5CF73B21806C9F00419990 /* KeychainTokenItem.swift */,
				BA5CF73D21806F8A00419990 /* ValidateToken.swift */,
				BA477547218378BC00B8AA40 /* createTabBar.swift */,
				BA1E2D972191AC63006D3CBD /* String+Image.swift */,
				BAF74D7121936FEE00E731DC /* EventAnnotation.swift */,
				BA05873021B3F43E008B4875 /* ConfigureSearchTextField.swift */,
			);
			path = Commons;
			sourceTree = "<group>";
		};
		BA5CF73721806A0F00419990 /* Controllers */ = {
			isa = PBXGroup;
			children = (
				BA5CF7412180769400419990 /* LoginViewController.swift */,
				BA5CF7422180769400419990 /* RegisterViewController.swift */,
				BA5CF7452180772700419990 /* EventsViewController.swift */,
				BAC5766D218B947500C735C6 /* EventsViewController+CollectionViewController.swift */,
				BAC173792190CE7D000A94A0 /* EventDetailViewController.swift */,
				BA5F70BD21920BF0006F32F0 /* EventDetailViewController+CollectionViewController.swift */,
				BAF74D6F21936C8900E731DC /* EventDetailViewController+MapKit.swift */,
				BAC173752190BCB4000A94A0 /* FindViewController.swift */,
				BA0C52E421ADB30A00C3D1E5 /* FindViewController+TableViewController.swift */,
				BA5CF7462180772700419990 /* MapViewController.swift */,
				BA5CF7482180772700419990 /* CalendarViewController.swift */,
				BA20100F21A498C1008425CB /* EventsDayViewController.swift */,
				BA20101321A49B99008425CB /* EventsDayViewController+CollectionViewController.swift */,
				BA5CF7472180772700419990 /* ProfileViewController.swift */,
				BAD7876C219B4406000A44EC /* ProfileViewController+ImagePickerController.swift */,
				BA65EDEA219F3B6E00B26C96 /* AssistsViewController.swift */,
				BA65EDEE219F424F00B26C96 /* AssistsViewController+CollectionViewController.swift */,
				BA5C730E21A32F1700CE40EB /* SearchesViewController.swift */,
				BA5C731A21A3424600CE40EB /* SearchesViewController+TableViewController.swift */,
				BA9B709321BD8D5000290314 /* SearchDetailViewController.swift */,
				BA9B709621BD9F8E00290314 /* SearchDetailViewController+TableViewController.swift */,
				BA20100B21A3FF1D008425CB /* PreferencesViewController.swift */,
				BA38600221BE6E94001E2798 /* PreferencesViewController+TableViewController.swift */,
				BA1A398621C0F9D40066212C /* NotificationEventViewController.swift */,
			);
			path = Controllers;
			sourceTree = "<group>";
		};
		BA5CF73821806A1C00419990 /* Views */ = {
			isa = PBXGroup;
			children = (
				BA5CF7562180788A00419990 /* LoginViewController.xib */,
				BA5CF7592180788A00419990 /* RegisterViewController.xib */,
				BA5CF7572180788A00419990 /* EventsViewController.xib */,
				BAC1737A2190CE7D000A94A0 /* EventDetailViewController.xib */,
				BAC173762190BCB4000A94A0 /* FindViewController.xib */,
				BA5CF7582180788A00419990 /* MapViewController.xib */,
				BA5CF7542180788A00419990 /* CalendarViewController.xib */,
				BA20101021A498C1008425CB /* EventsDayViewController.xib */,
				BA5CF7552180788A00419990 /* ProfileViewController.xib */,
				BA65EDEB219F3B6E00B26C96 /* AssistsViewController.xib */,
				BA5C730F21A32F1700CE40EB /* SearchesViewController.xib */,
				BA9B709221BD8D5000290314 /* SearchDetailViewController.xib */,
				BA20100C21A3FF1D008425CB /* PreferencesViewController.xib */,
				BA1A398721C0F9D40066212C /* NotificationEventViewController.xib */,
				BA59882021768F100065D77D /* Assets.xcassets */,
				BA59882221768F100065D77D /* LaunchScreen.storyboard */,
			);
			path = Views;
			sourceTree = "<group>";
		};
		BA5CF73921806A2F00419990 /* Interactors */ = {
			isa = PBXGroup;
			children = (
				BA602D312181B6970075B64B /* ExecuteInteractor.swift */,
				BA602D332181BB4D0075B64B /* ExecuteInteractorImpl.swift */,
				BA4775432183225400B8AA40 /* LoginUserInteractor.swift */,
				BA4775452183230B00B8AA40 /* LoginUserInteractorNSURLSessionImpl.swift */,
				BA602D352181BBC40075B64B /* RegisterUserInteractor.swift */,
				BA602D372181BC9B0075B64B /* RegisterUserInteractorNSURLSessionImpl.swift */,
				BAB1E28321870679004CBC48 /* RecoverUserInteractor.swift */,
				BAB1E285218706FA004CBC48 /* RecoverUserInteractorNSURLSessionImpl.swift */,
				BAC57669218B912600C735C6 /* DownloadEventsInteractor.swift */,
				BAC5766B218B916B00C735C6 /* DownloadEventsInteractorFakeImpl.swift */,
				BACDE3EC21A9DF5A007452F0 /* DownloadEventsInteractorNSURLSessionImpl.swift */,
				BAC2889B219C45C3000AA7B2 /* DownloadAssistsInteractorFakeImpl.swift */,
				BA5C731621A33E6100CE40EB /* DownloadSearchesInteractor.swift */,
				BA5C731821A33EB100CE40EB /* DownloadSearchesInteractorNSURLSessionImpl.swift */,
				BA09DDFA21AC0AF20009FAF4 /* GetUserInteractor.swift */,
				BA09DDFC21AC0B6A0009FAF4 /* GetUserInteractorNSURLSessionImpl.swift */,
				BA09DE0421AC6EE40009FAF4 /* UpdateUserInteractor.swift */,
				BA09DE0621AC6F450009FAF4 /* UpdateUserInteractorNSURLSessionImpl.swift */,
				BA0C52D421AD611A00C3D1E5 /* DeleteUserInteractor.swift */,
				BA0C52D621AD616500C3D1E5 /* DeleteUserInteractorNSURLSessionImpl.swift */,
				BA0C52E021ADAF2800C3D1E5 /* DownloadEventTypesInteractor.swift */,
				BA0C52E221ADAFB700C3D1E5 /* DownloadEventTypesInteractorNSURLSessionImpl.swift */,
				BAF21FE021AEF56D005BE449 /* GetCitiesInteractor.swift */,
				BAF21FE221AEF5F1005BE449 /* GetCitiesInteractorNSURLSessionImpl.swift */,
				BAF9210021B5A426007D0E06 /* TransactionInteractor.swift */,
				BAF9210221B5A499007D0E06 /* TransactionInteractorNSURLSessionImpl.swift */,
				BA0B1F4321B928C800649146 /* FavoriteSearchInteractor.swift */,
				BA0B1F4521B9296900649146 /* FavoriteSearchInteractorNSURLSessionImpl.swift */,
				BAE4316621BBBEFB008FA34A /* DownloadAssistsInteractor.swift */,
				BAE4316821BBBF50008FA34A /* DownloadAssistsInteractorNSURLSessionImpl.swift */,
				BA1A397C21C04BFF0066212C /* SaveTokenDeviceInUserInteractor.swift */,
				BA1A397E21C04C8A0066212C /* SaveTokenDeviceInUserInteractorNSURLSessionImpl.swift */,
				BA1A398A21C106170066212C /* DownloadEventNotificationInteractor.swift */,
				BA1A398C21C106980066212C /* DownloadEventNotificationInteractorNSURLSessionImpl.swift */,
			);
			path = Interactors;
			sourceTree = "<group>";
		};
		BA5CF73A21806A4200419990 /* Model */ = {
			isa = PBXGroup;
			children = (
				BACDE3F121AAA7F6007452F0 /* JSONParser */,
				BACDE3EE21AA9DF4007452F0 /* Mappers */,
				BA602D2F2181AD320075B64B /* User.swift */,
				BA47754121831E5E00B8AA40 /* UserLogin.swift */,
				BA09DE0221AC33D30009FAF4 /* UserGet.swift */,
				BAE4317421BC5876008FA34A /* UserUpdate.swift */,
				BA602D40218226C40075B64B /* ResponseApi.swift */,
				BAC57665218B8F4900C735C6 /* Event.swift */,
				BACDE3EA21A9DA5E007452F0 /* EventAPI.swift */,
				BAC57667218B906F00C735C6 /* Events.swift */,
				BA0C52DC21ADAA8D00C3D1E5 /* EventTypeAPI.swift */,
				BA0C52DE21ADAAD700C3D1E5 /* EventType.swift */,
				BA0C52E621ADC9DC00C3D1E5 /* EventTypeCheck.swift */,
				BA9B708A21BD091300290314 /* EventTrans.swift */,
				BAE4317021BBD30D008FA34A /* Search.swift */,
				BA5C731421A33DBD00CE40EB /* Searches.swift */,
				BA09DE0021AC159D0009FAF4 /* Token.swift */,
				BAF21FDC21AEF361005BE449 /* City.swift */,
				BAF21FDE21AEF51A005BE449 /* CityAPI.swift */,
				BAF920FE21B59F6F007D0E06 /* Transaction.swift */,
				BAF9210421B5B8A5007D0E06 /* TransactionApi.swift */,
				BA6D626B21B83BD900671CC3 /* TransactionApiResponse.swift */,
				BAE4316A21BBC1E2008FA34A /* TransactionsListAPI.swift */,
				BA0B1F4721B9359800649146 /* FavoriteSearchApiResponse.swift */,
				BAE4316E21BBD0A8008FA34A /* FavoriteSearchsAPI.swift */,
				BA1A398221C05AED0066212C /* TokenFB.swift */,
				BA1A398421C0F0590066212C /* NotificationEvent.swift */,
			);
			path = Model;
			sourceTree = "<group>";
		};
		BA5CF74D2180775800419990 /* Extensions */ = {
			isa = PBXGroup;
			children = (
				BA5CF74E2180777500419990 /* UIviewController+Additions.swift */,
				BA5CF7622180D0D500419990 /* StringExtensions.swift */,
				BAD7876E219B493C000A44EC /* UserDefaultsExtensions.swift */,
				BAC28897219C3709000AA7B2 /* UIViewAssists+constraints.swift */,
				BA5C730C21A2D91400CE40EB /* DateExtensions.swift */,
				BACDE3E821A9493B007452F0 /* OptionalExtensions.swift */,
			);
			path = Extensions;
			sourceTree = "<group>";
		};
		BAC5766F218B977200C735C6 /* Cells */ = {
			isa = PBXGroup;
			children = (
				BAC57670218B97A200C735C6 /* EventCollectionViewCell.swift */,
				BAC57671218B97A200C735C6 /* EventCollectionViewCell.xib */,
				BAA6AE61218F74440029F421 /* SectionHeaderCollectionReusableView.swift */,
				BAA6AE62218F74440029F421 /* SectionHeaderCollectionReusableView.xib */,
				BA1E2D9921920878006D3CBD /* EventDetailCollectionViewCell.swift */,
				BA1E2D9A21920878006D3CBD /* EventDetailCollectionViewCell.xib */,
				BA65EDE6219ED28B00B26C96 /* SearchTableViewCell.swift */,
				BA65EDE7219ED28B00B26C96 /* SearchTableViewCell.xib */,
				BA0C52D821ADA7ED00C3D1E5 /* EventTypeTableViewCell.swift */,
				BA0C52D921ADA7ED00C3D1E5 /* EventTypeTableViewCell.xib */,
				BAF21FE421AF4726005BE449 /* DistanceTableViewCell.swift */,
				BAF21FE521AF4726005BE449 /* DistanceTableViewCell.xib */,
			);
			path = Cells;
			sourceTree = "<group>";
		};
		BACDE3EE21AA9DF4007452F0 /* Mappers */ = {
			isa = PBXGroup;
			children = (
				BACDE3EF21AA9E47007452F0 /* MapEvent.swift */,
				BA9B708C21BD0AD400290314 /* MapEventTrans.swift */,
			);
			path = Mappers;
			sourceTree = "<group>";
		};
		BACDE3F121AAA7F6007452F0 /* JSONParser */ = {
			isa = PBXGroup;
			children = (
				BACDE3F221AAA80B007452F0 /* JSONParserEvent.swift */,
				BAE4316C21BBC36E008FA34A /* JSONParserTransList.swift */,
				BAE4317221BBD5E8008FA34A /* JSONParserSearch.swift */,
			);
			path = JSONParser;
			sourceTree = "<group>";
		};
		C1FE8CC19F0CD5740BBAE7ED /* Pods */ = {
			isa = PBXGroup;
			children = (
				539569184D7B0A4E48707364 /* Pods-ForEvents.debug.xcconfig */,
				94B2021C0C5DDA398A29DB0A /* Pods-ForEvents.release.xcconfig */,
				5E5DCD5C58FDD8799D37E477 /* Pods-ForEventsTests.debug.xcconfig */,
				576F42F5B34B733164B0D2E3 /* Pods-ForEventsTests.release.xcconfig */,
			);
			name = Pods;
			sourceTree = "<group>";
		};
		E170D54FA07852E955C33D66 /* Frameworks */ = {
			isa = PBXGroup;
			children = (
				BA1D60A721B729C400AF5F2F /* UserNotifications.framework */,
				9C105BB7677DFCF0CBFD4AC7 /* Pods_ForEvents.framework */,
				9820569C11C02EFE44C387A7 /* Pods_ForEventsTests.framework */,
			);
			name = Frameworks;
			sourceTree = "<group>";
		};
/* End PBXGroup section */

/* Begin PBXNativeTarget section */
		BA59881521768F0F0065D77D /* ForEvents */ = {
			isa = PBXNativeTarget;
			buildConfigurationList = BA59883321768F100065D77D /* Build configuration list for PBXNativeTarget "ForEvents" */;
			buildPhases = (
				E0934236A0A9640FFF1EF1BC /* [CP] Check Pods Manifest.lock */,
				BA59881221768F0F0065D77D /* Sources */,
				BA59881321768F0F0065D77D /* Frameworks */,
				BA59881421768F0F0065D77D /* Resources */,
				65D2D8613B67C116F02B94A1 /* [CP] Embed Pods Frameworks */,
			);
			buildRules = (
			);
			dependencies = (
			);
			name = ForEvents;
			productName = ForEvents;
			productReference = BA59881621768F0F0065D77D /* ForEvents.app */;
			productType = "com.apple.product-type.application";
		};
		BA59882921768F100065D77D /* ForEventsTests */ = {
			isa = PBXNativeTarget;
			buildConfigurationList = BA59883621768F100065D77D /* Build configuration list for PBXNativeTarget "ForEventsTests" */;
			buildPhases = (
				6D5828EDB67893FC0C581A9D /* [CP] Check Pods Manifest.lock */,
				BA59882621768F100065D77D /* Sources */,
				BA59882721768F100065D77D /* Frameworks */,
				BA59882821768F100065D77D /* Resources */,
				5DB3BD9B2B38CFE0322B8026 /* [CP] Embed Pods Frameworks */,
			);
			buildRules = (
			);
			dependencies = (
				BA59882C21768F100065D77D /* PBXTargetDependency */,
			);
			name = ForEventsTests;
			productName = ForEventsTests;
			productReference = BA59882A21768F100065D77D /* ForEventsTests.xctest */;
			productType = "com.apple.product-type.bundle.unit-test";
		};
/* End PBXNativeTarget section */

/* Begin PBXProject section */
		BA59880E21768F0F0065D77D /* Project object */ = {
			isa = PBXProject;
			attributes = {
				LastSwiftUpdateCheck = 1000;
				LastUpgradeCheck = 1000;
				ORGANIZATIONNAME = 4Everyoung.group;
				TargetAttributes = {
					BA59881521768F0F0065D77D = {
						CreatedOnToolsVersion = 10.0;
						SystemCapabilities = {
							com.apple.BackgroundModes = {
								enabled = 1;
							};
							com.apple.Push = {
								enabled = 1;
							};
							com.apple.Siri = {
								enabled = 0;
							};
						};
					};
					BA59882921768F100065D77D = {
						CreatedOnToolsVersion = 10.0;
						TestTargetID = BA59881521768F0F0065D77D;
					};
				};
			};
			buildConfigurationList = BA59881121768F0F0065D77D /* Build configuration list for PBXProject "ForEvents" */;
			compatibilityVersion = "Xcode 9.3";
			developmentRegion = en;
			hasScannedForEncodings = 0;
			knownRegions = (
				en,
				Base,
			);
			mainGroup = BA59880D21768F0F0065D77D;
			productRefGroup = BA59881721768F0F0065D77D /* Products */;
			projectDirPath = "";
			projectRoot = "";
			targets = (
				BA59881521768F0F0065D77D /* ForEvents */,
				BA59882921768F100065D77D /* ForEventsTests */,
			);
		};
/* End PBXProject section */

/* Begin PBXResourcesBuildPhase section */
		BA59881421768F0F0065D77D /* Resources */ = {
			isa = PBXResourcesBuildPhase;
			buildActionMask = 2147483647;
			files = (
				BA5CF75B2180788A00419990 /* ProfileViewController.xib in Resources */,
				BA5CF75F2180788A00419990 /* RegisterViewController.xib in Resources */,
				BA65EDED219F3B6E00B26C96 /* AssistsViewController.xib in Resources */,
				BA20100E21A3FF1D008425CB /* PreferencesViewController.xib in Resources */,
				BA59882421768F100065D77D /* LaunchScreen.storyboard in Resources */,
				BA5CF75A2180788A00419990 /* CalendarViewController.xib in Resources */,
				BAC173782190BCB4000A94A0 /* FindViewController.xib in Resources */,
				BA59882121768F100065D77D /* Assets.xcassets in Resources */,
				BA65EDE9219ED28B00B26C96 /* SearchTableViewCell.xib in Resources */,
				BA9B709421BD8D5100290314 /* SearchDetailViewController.xib in Resources */,
				BA5C731121A32F1700CE40EB /* SearchesViewController.xib in Resources */,
				BA20101221A498C1008425CB /* EventsDayViewController.xib in Resources */,
				BAC1737C2190CE7D000A94A0 /* EventDetailViewController.xib in Resources */,
				BA0C52DB21ADA7ED00C3D1E5 /* EventTypeTableViewCell.xib in Resources */,
				BAC57673218B97A200C735C6 /* EventCollectionViewCell.xib in Resources */,
				BA5CF75E2180788A00419990 /* MapViewController.xib in Resources */,
				BA59883C217691340065D77D /* GoogleService-Info.plist in Resources */,
				BAA6AE64218F74440029F421 /* SectionHeaderCollectionReusableView.xib in Resources */,
				BA1E2D9C21920878006D3CBD /* EventDetailCollectionViewCell.xib in Resources */,
				BAF21FE721AF4726005BE449 /* DistanceTableViewCell.xib in Resources */,
				BA1A398921C0F9D40066212C /* NotificationEventViewController.xib in Resources */,
				BA5CF75D2180788A00419990 /* EventsViewController.xib in Resources */,
				BA5CF75C2180788A00419990 /* LoginViewController.xib in Resources */,
				BA59883A217690C60065D77D /* Podfile in Resources */,
			);
			runOnlyForDeploymentPostprocessing = 0;
		};
		BA59882821768F100065D77D /* Resources */ = {
			isa = PBXResourcesBuildPhase;
			buildActionMask = 2147483647;
			files = (
			);
			runOnlyForDeploymentPostprocessing = 0;
		};
/* End PBXResourcesBuildPhase section */

/* Begin PBXShellScriptBuildPhase section */
		5DB3BD9B2B38CFE0322B8026 /* [CP] Embed Pods Frameworks */ = {
			isa = PBXShellScriptBuildPhase;
			buildActionMask = 2147483647;
			files = (
			);
			inputPaths = (
				"${SRCROOT}/Pods/Target Support Files/Pods-ForEventsTests/Pods-ForEventsTests-frameworks.sh",
				"${BUILT_PRODUCTS_DIR}/GoogleUtilities/GoogleUtilities.framework",
				"${BUILT_PRODUCTS_DIR}/Kingfisher/Kingfisher.framework",
				"${BUILT_PRODUCTS_DIR}/Parchment/Parchment.framework",
				"${BUILT_PRODUCTS_DIR}/Protobuf/Protobuf.framework",
				"${BUILT_PRODUCTS_DIR}/SearchTextField/SearchTextField.framework",
				"${BUILT_PRODUCTS_DIR}/VACalendar/VACalendar.framework",
				"${BUILT_PRODUCTS_DIR}/nanopb/nanopb.framework",
			);
			name = "[CP] Embed Pods Frameworks";
			outputPaths = (
				"${TARGET_BUILD_DIR}/${FRAMEWORKS_FOLDER_PATH}/GoogleUtilities.framework",
				"${TARGET_BUILD_DIR}/${FRAMEWORKS_FOLDER_PATH}/Kingfisher.framework",
				"${TARGET_BUILD_DIR}/${FRAMEWORKS_FOLDER_PATH}/Parchment.framework",
				"${TARGET_BUILD_DIR}/${FRAMEWORKS_FOLDER_PATH}/Protobuf.framework",
				"${TARGET_BUILD_DIR}/${FRAMEWORKS_FOLDER_PATH}/SearchTextField.framework",
				"${TARGET_BUILD_DIR}/${FRAMEWORKS_FOLDER_PATH}/VACalendar.framework",
				"${TARGET_BUILD_DIR}/${FRAMEWORKS_FOLDER_PATH}/nanopb.framework",
			);
			runOnlyForDeploymentPostprocessing = 0;
			shellPath = /bin/sh;
			shellScript = "\"${SRCROOT}/Pods/Target Support Files/Pods-ForEventsTests/Pods-ForEventsTests-frameworks.sh\"\n";
			showEnvVarsInLog = 0;
		};
		65D2D8613B67C116F02B94A1 /* [CP] Embed Pods Frameworks */ = {
			isa = PBXShellScriptBuildPhase;
			buildActionMask = 2147483647;
			files = (
			);
			inputPaths = (
				"${SRCROOT}/Pods/Target Support Files/Pods-ForEvents/Pods-ForEvents-frameworks.sh",
				"${BUILT_PRODUCTS_DIR}/GoogleUtilities/GoogleUtilities.framework",
				"${BUILT_PRODUCTS_DIR}/Kingfisher/Kingfisher.framework",
				"${BUILT_PRODUCTS_DIR}/Parchment/Parchment.framework",
				"${BUILT_PRODUCTS_DIR}/Protobuf/Protobuf.framework",
				"${BUILT_PRODUCTS_DIR}/SearchTextField/SearchTextField.framework",
				"${BUILT_PRODUCTS_DIR}/VACalendar/VACalendar.framework",
				"${BUILT_PRODUCTS_DIR}/nanopb/nanopb.framework",
			);
			name = "[CP] Embed Pods Frameworks";
			outputPaths = (
				"${TARGET_BUILD_DIR}/${FRAMEWORKS_FOLDER_PATH}/GoogleUtilities.framework",
				"${TARGET_BUILD_DIR}/${FRAMEWORKS_FOLDER_PATH}/Kingfisher.framework",
				"${TARGET_BUILD_DIR}/${FRAMEWORKS_FOLDER_PATH}/Parchment.framework",
				"${TARGET_BUILD_DIR}/${FRAMEWORKS_FOLDER_PATH}/Protobuf.framework",
				"${TARGET_BUILD_DIR}/${FRAMEWORKS_FOLDER_PATH}/SearchTextField.framework",
				"${TARGET_BUILD_DIR}/${FRAMEWORKS_FOLDER_PATH}/VACalendar.framework",
				"${TARGET_BUILD_DIR}/${FRAMEWORKS_FOLDER_PATH}/nanopb.framework",
			);
			runOnlyForDeploymentPostprocessing = 0;
			shellPath = /bin/sh;
			shellScript = "\"${SRCROOT}/Pods/Target Support Files/Pods-ForEvents/Pods-ForEvents-frameworks.sh\"\n";
			showEnvVarsInLog = 0;
		};
		6D5828EDB67893FC0C581A9D /* [CP] Check Pods Manifest.lock */ = {
			isa = PBXShellScriptBuildPhase;
			buildActionMask = 2147483647;
			files = (
			);
			inputPaths = (
				"${PODS_PODFILE_DIR_PATH}/Podfile.lock",
				"${PODS_ROOT}/Manifest.lock",
			);
			name = "[CP] Check Pods Manifest.lock";
			outputPaths = (
				"$(DERIVED_FILE_DIR)/Pods-ForEventsTests-checkManifestLockResult.txt",
			);
			runOnlyForDeploymentPostprocessing = 0;
			shellPath = /bin/sh;
			shellScript = "diff \"${PODS_PODFILE_DIR_PATH}/Podfile.lock\" \"${PODS_ROOT}/Manifest.lock\" > /dev/null\nif [ $? != 0 ] ; then\n    # print error to STDERR\n    echo \"error: The sandbox is not in sync with the Podfile.lock. Run 'pod install' or update your CocoaPods installation.\" >&2\n    exit 1\nfi\n# This output is used by Xcode 'outputs' to avoid re-running this script phase.\necho \"SUCCESS\" > \"${SCRIPT_OUTPUT_FILE_0}\"\n";
			showEnvVarsInLog = 0;
		};
		E0934236A0A9640FFF1EF1BC /* [CP] Check Pods Manifest.lock */ = {
			isa = PBXShellScriptBuildPhase;
			buildActionMask = 2147483647;
			files = (
			);
			inputPaths = (
				"${PODS_PODFILE_DIR_PATH}/Podfile.lock",
				"${PODS_ROOT}/Manifest.lock",
			);
			name = "[CP] Check Pods Manifest.lock";
			outputPaths = (
				"$(DERIVED_FILE_DIR)/Pods-ForEvents-checkManifestLockResult.txt",
			);
			runOnlyForDeploymentPostprocessing = 0;
			shellPath = /bin/sh;
			shellScript = "diff \"${PODS_PODFILE_DIR_PATH}/Podfile.lock\" \"${PODS_ROOT}/Manifest.lock\" > /dev/null\nif [ $? != 0 ] ; then\n    # print error to STDERR\n    echo \"error: The sandbox is not in sync with the Podfile.lock. Run 'pod install' or update your CocoaPods installation.\" >&2\n    exit 1\nfi\n# This output is used by Xcode 'outputs' to avoid re-running this script phase.\necho \"SUCCESS\" > \"${SCRIPT_OUTPUT_FILE_0}\"\n";
			showEnvVarsInLog = 0;
		};
/* End PBXShellScriptBuildPhase section */

/* Begin PBXSourcesBuildPhase section */
		BA59881221768F0F0065D77D /* Sources */ = {
			isa = PBXSourcesBuildPhase;
			buildActionMask = 2147483647;
			files = (
				BA5C730D21A2D91400CE40EB /* DateExtensions.swift in Sources */,
				BAE4316921BBBF50008FA34A /* DownloadAssistsInteractorNSURLSessionImpl.swift in Sources */,
				BA65EDEF219F424F00B26C96 /* AssistsViewController+CollectionViewController.swift in Sources */,
				BA1A397D21C04BFF0066212C /* SaveTokenDeviceInUserInteractor.swift in Sources */,
				BAC5766C218B916B00C735C6 /* DownloadEventsInteractorFakeImpl.swift in Sources */,
				BA1A397F21C04C8A0066212C /* SaveTokenDeviceInUserInteractorNSURLSessionImpl.swift in Sources */,
				BAC57672218B97A200C735C6 /* EventCollectionViewCell.swift in Sources */,
				BA0C52D521AD611A00C3D1E5 /* DeleteUserInteractor.swift in Sources */,
				BA602D382181BC9B0075B64B /* RegisterUserInteractorNSURLSessionImpl.swift in Sources */,
				BA4775462183230B00B8AA40 /* LoginUserInteractorNSURLSessionImpl.swift in Sources */,
				BA1A398D21C106980066212C /* DownloadEventNotificationInteractorNSURLSessionImpl.swift in Sources */,
				BA59881A21768F0F0065D77D /* AppDelegate.swift in Sources */,
				BA9B709721BD9F8E00290314 /* SearchDetailViewController+TableViewController.swift in Sources */,
				BA4775442183225400B8AA40 /* LoginUserInteractor.swift in Sources */,
				BAC57668218B906F00C735C6 /* Events.swift in Sources */,
				BA5CF73E21806F8A00419990 /* ValidateToken.swift in Sources */,
				BA5CF73C21806C9F00419990 /* KeychainTokenItem.swift in Sources */,
				BA0C52D721AD616500C3D1E5 /* DeleteUserInteractorNSURLSessionImpl.swift in Sources */,
				BA9B708D21BD0AD400290314 /* MapEventTrans.swift in Sources */,
				BAB1E286218706FA004CBC48 /* RecoverUserInteractorNSURLSessionImpl.swift in Sources */,
				BA09DDFB21AC0AF20009FAF4 /* GetUserInteractor.swift in Sources */,
				BA5C731021A32F1700CE40EB /* SearchesViewController.swift in Sources */,
				BA47754221831E5E00B8AA40 /* UserLogin.swift in Sources */,
				BA0C52E521ADB30A00C3D1E5 /* FindViewController+TableViewController.swift in Sources */,
				BAF21FDD21AEF361005BE449 /* City.swift in Sources */,
				BA1D60A621B7086B00AF5F2F /* AppDelegate+Notifications.swift in Sources */,
				BAE4317521BC5876008FA34A /* UserUpdate.swift in Sources */,
				BAC5766A218B912600C735C6 /* DownloadEventsInteractor.swift in Sources */,
				BA5CF7442180769400419990 /* RegisterViewController.swift in Sources */,
				BAF74D7221936FEE00E731DC /* EventAnnotation.swift in Sources */,
				BA0C52DD21ADAA8D00C3D1E5 /* EventTypeAPI.swift in Sources */,
				BA5C731921A33EB100CE40EB /* DownloadSearchesInteractorNSURLSessionImpl.swift in Sources */,
				BA477548218378BC00B8AA40 /* createTabBar.swift in Sources */,
				BAC57666218B8F4900C735C6 /* Event.swift in Sources */,
				BAE4316F21BBD0A8008FA34A /* FavoriteSearchsAPI.swift in Sources */,
				BAA6AE63218F74440029F421 /* SectionHeaderCollectionReusableView.swift in Sources */,
				BA9B709521BD8D5100290314 /* SearchDetailViewController.swift in Sources */,
				BACDE3E921A9493B007452F0 /* OptionalExtensions.swift in Sources */,
				BA602D302181AD320075B64B /* User.swift in Sources */,
				BAF21FE621AF4726005BE449 /* DistanceTableViewCell.swift in Sources */,
				BA09DE0721AC6F450009FAF4 /* UpdateUserInteractorNSURLSessionImpl.swift in Sources */,
				BA1A398B21C106170066212C /* DownloadEventNotificationInteractor.swift in Sources */,
				BA602D41218226C40075B64B /* ResponseApi.swift in Sources */,
				BAE4316B21BBC1E2008FA34A /* TransactionsListAPI.swift in Sources */,
				BAE4316D21BBC36E008FA34A /* JSONParserTransList.swift in Sources */,
				BA09DDFD21AC0B6A0009FAF4 /* GetUserInteractorNSURLSessionImpl.swift in Sources */,
				BA0B1F4421B928C800649146 /* FavoriteSearchInteractor.swift in Sources */,
				BA0C52DA21ADA7ED00C3D1E5 /* EventTypeTableViewCell.swift in Sources */,
				BACDE3ED21A9DF5A007452F0 /* DownloadEventsInteractorNSURLSessionImpl.swift in Sources */,
				BAE4317121BBD30D008FA34A /* Search.swift in Sources */,
				BA20101121A498C1008425CB /* EventsDayViewController.swift in Sources */,
				BA65EDE8219ED28B00B26C96 /* SearchTableViewCell.swift in Sources */,
				BA5CF7492180772700419990 /* EventsViewController.swift in Sources */,
				BAC5766E218B947500C735C6 /* EventsViewController+CollectionViewController.swift in Sources */,
				BA0B1F4821B9359800649146 /* FavoriteSearchApiResponse.swift in Sources */,
				BAF74D7021936C8900E731DC /* EventDetailViewController+MapKit.swift in Sources */,
				BA38600321BE6E94001E2798 /* PreferencesViewController+TableViewController.swift in Sources */,
				BACDE3F321AAA80B007452F0 /* JSONParserEvent.swift in Sources */,
				BA05873121B3F43E008B4875 /* ConfigureSearchTextField.swift in Sources */,
				BAC173772190BCB4000A94A0 /* FindViewController.swift in Sources */,
				BA1F8E7A21A0128200037716 /* CustomColors.swift in Sources */,
				BA9B708B21BD091300290314 /* EventTrans.swift in Sources */,
				BA5F70BE21920BF0006F32F0 /* EventDetailViewController+CollectionViewController.swift in Sources */,
				BAB1E28421870679004CBC48 /* RecoverUserInteractor.swift in Sources */,
				BA1A398821C0F9D40066212C /* NotificationEventViewController.swift in Sources */,
				BAD7876D219B4406000A44EC /* ProfileViewController+ImagePickerController.swift in Sources */,
				BA5C731721A33E6100CE40EB /* DownloadSearchesInteractor.swift in Sources */,
				BAC2889C219C45C3000AA7B2 /* DownloadAssistsInteractorFakeImpl.swift in Sources */,
				BAE4316721BBBEFB008FA34A /* DownloadAssistsInteractor.swift in Sources */,
				BA5CF74C2180772700419990 /* CalendarViewController.swift in Sources */,
				BACDE3F021AA9E47007452F0 /* MapEvent.swift in Sources */,
				BA5CF74F2180777500419990 /* UIviewController+Additions.swift in Sources */,
				BA5CF7432180769400419990 /* LoginViewController.swift in Sources */,
				BAF9210521B5B8A5007D0E06 /* TransactionApi.swift in Sources */,
				BA602D322181B6970075B64B /* ExecuteInteractor.swift in Sources */,
				BA1A398321C05AED0066212C /* TokenFB.swift in Sources */,
				BA65EDEC219F3B6E00B26C96 /* AssistsViewController.swift in Sources */,
				BA6D626C21B83BD900671CC3 /* TransactionApiResponse.swift in Sources */,
				BA0B1F4621B9296900649146 /* FavoriteSearchInteractorNSURLSessionImpl.swift in Sources */,
				BAC28898219C3709000AA7B2 /* UIViewAssists+constraints.swift in Sources */,
				BA1E2D982191AC63006D3CBD /* String+Image.swift in Sources */,
				BA0C52E721ADC9DC00C3D1E5 /* EventTypeCheck.swift in Sources */,
				BA0C52E121ADAF2800C3D1E5 /* DownloadEventTypesInteractor.swift in Sources */,
				BA20101421A49B99008425CB /* EventsDayViewController+CollectionViewController.swift in Sources */,
				BAF21FDF21AEF51A005BE449 /* CityAPI.swift in Sources */,
				BA09DE0521AC6EE40009FAF4 /* UpdateUserInteractor.swift in Sources */,
				BACDE3EB21A9DA5E007452F0 /* EventAPI.swift in Sources */,
				BA09DE0121AC159D0009FAF4 /* Token.swift in Sources */,
				BAE4317321BBD5E8008FA34A /* JSONParserSearch.swift in Sources */,
				BA1E2D9B21920878006D3CBD /* EventDetailCollectionViewCell.swift in Sources */,
				BA5C731521A33DBD00CE40EB /* Searches.swift in Sources */,
				BAD7876F219B493C000A44EC /* UserDefaultsExtensions.swift in Sources */,
				BAF9210321B5A499007D0E06 /* TransactionInteractorNSURLSessionImpl.swift in Sources */,
				BAC1737B2190CE7D000A94A0 /* EventDetailViewController.swift in Sources */,
				BAF9210121B5A426007D0E06 /* TransactionInteractor.swift in Sources */,
				BA602D362181BBC40075B64B /* RegisterUserInteractor.swift in Sources */,
				BAF21FE321AEF5F1005BE449 /* GetCitiesInteractorNSURLSessionImpl.swift in Sources */,
				BA1A398521C0F0590066212C /* NotificationEvent.swift in Sources */,
				BA20100D21A3FF1D008425CB /* PreferencesViewController.swift in Sources */,
				BA0C52E321ADAFB700C3D1E5 /* DownloadEventTypesInteractorNSURLSessionImpl.swift in Sources */,
				BA09DE0321AC33D30009FAF4 /* UserGet.swift in Sources */,
				BAF920FF21B59F6F007D0E06 /* Transaction.swift in Sources */,
				BA5C731B21A3424600CE40EB /* SearchesViewController+TableViewController.swift in Sources */,
				BA5CF7532180783400419990 /* Alerts.swift in Sources */,
				BA5CF74B2180772700419990 /* ProfileViewController.swift in Sources */,
				BA5CF7612180CDDE00419990 /* Constants.swift in Sources */,
				BA5CF7632180D0D500419990 /* StringExtensions.swift in Sources */,
				BA0C52DF21ADAAD700C3D1E5 /* EventType.swift in Sources */,
				BAF21FE121AEF56D005BE449 /* GetCitiesInteractor.swift in Sources */,
				BA602D342181BB4D0075B64B /* ExecuteInteractorImpl.swift in Sources */,
				BA5CF7522180783400419990 /* Typealias.swift in Sources */,
				BA5CF74A2180772700419990 /* MapViewController.swift in Sources */,
			);
			runOnlyForDeploymentPostprocessing = 0;
		};
		BA59882621768F100065D77D /* Sources */ = {
			isa = PBXSourcesBuildPhase;
			buildActionMask = 2147483647;
			files = (
				BA59882F21768F100065D77D /* ForEventsTests.swift in Sources */,
			);
			runOnlyForDeploymentPostprocessing = 0;
		};
/* End PBXSourcesBuildPhase section */

/* Begin PBXTargetDependency section */
		BA59882C21768F100065D77D /* PBXTargetDependency */ = {
			isa = PBXTargetDependency;
			target = BA59881521768F0F0065D77D /* ForEvents */;
			targetProxy = BA59882B21768F100065D77D /* PBXContainerItemProxy */;
		};
/* End PBXTargetDependency section */

/* Begin PBXVariantGroup section */
		BA59882221768F100065D77D /* LaunchScreen.storyboard */ = {
			isa = PBXVariantGroup;
			children = (
				BA59882321768F100065D77D /* Base */,
			);
			name = LaunchScreen.storyboard;
			sourceTree = "<group>";
		};
/* End PBXVariantGroup section */

/* Begin XCBuildConfiguration section */
		BA59883121768F100065D77D /* Debug */ = {
			isa = XCBuildConfiguration;
			buildSettings = {
				ALWAYS_SEARCH_USER_PATHS = NO;
				CLANG_ANALYZER_NONNULL = YES;
				CLANG_ANALYZER_NUMBER_OBJECT_CONVERSION = YES_AGGRESSIVE;
				CLANG_CXX_LANGUAGE_STANDARD = "gnu++14";
				CLANG_CXX_LIBRARY = "libc++";
				CLANG_ENABLE_MODULES = YES;
				CLANG_ENABLE_OBJC_ARC = YES;
				CLANG_ENABLE_OBJC_WEAK = YES;
				CLANG_WARN_BLOCK_CAPTURE_AUTORELEASING = YES;
				CLANG_WARN_BOOL_CONVERSION = YES;
				CLANG_WARN_COMMA = YES;
				CLANG_WARN_CONSTANT_CONVERSION = YES;
				CLANG_WARN_DEPRECATED_OBJC_IMPLEMENTATIONS = YES;
				CLANG_WARN_DIRECT_OBJC_ISA_USAGE = YES_ERROR;
				CLANG_WARN_DOCUMENTATION_COMMENTS = YES;
				CLANG_WARN_EMPTY_BODY = YES;
				CLANG_WARN_ENUM_CONVERSION = YES;
				CLANG_WARN_INFINITE_RECURSION = YES;
				CLANG_WARN_INT_CONVERSION = YES;
				CLANG_WARN_NON_LITERAL_NULL_CONVERSION = YES;
				CLANG_WARN_OBJC_IMPLICIT_RETAIN_SELF = YES;
				CLANG_WARN_OBJC_LITERAL_CONVERSION = YES;
				CLANG_WARN_OBJC_ROOT_CLASS = YES_ERROR;
				CLANG_WARN_RANGE_LOOP_ANALYSIS = YES;
				CLANG_WARN_STRICT_PROTOTYPES = YES;
				CLANG_WARN_SUSPICIOUS_MOVE = YES;
				CLANG_WARN_UNGUARDED_AVAILABILITY = YES_AGGRESSIVE;
				CLANG_WARN_UNREACHABLE_CODE = YES;
				CLANG_WARN__DUPLICATE_METHOD_MATCH = YES;
				CODE_SIGN_IDENTITY = "iPhone Developer";
				COPY_PHASE_STRIP = NO;
				DEBUG_INFORMATION_FORMAT = dwarf;
				ENABLE_STRICT_OBJC_MSGSEND = YES;
				ENABLE_TESTABILITY = YES;
				GCC_C_LANGUAGE_STANDARD = gnu11;
				GCC_DYNAMIC_NO_PIC = NO;
				GCC_NO_COMMON_BLOCKS = YES;
				GCC_OPTIMIZATION_LEVEL = 0;
				GCC_PREPROCESSOR_DEFINITIONS = (
					"DEBUG=1",
					"$(inherited)",
				);
				GCC_WARN_64_TO_32_BIT_CONVERSION = YES;
				GCC_WARN_ABOUT_RETURN_TYPE = YES_ERROR;
				GCC_WARN_UNDECLARED_SELECTOR = YES;
				GCC_WARN_UNINITIALIZED_AUTOS = YES_AGGRESSIVE;
				GCC_WARN_UNUSED_FUNCTION = YES;
				GCC_WARN_UNUSED_VARIABLE = YES;
				IPHONEOS_DEPLOYMENT_TARGET = 11.0;
				MTL_ENABLE_DEBUG_INFO = INCLUDE_SOURCE;
				MTL_FAST_MATH = YES;
				ONLY_ACTIVE_ARCH = YES;
				SDKROOT = iphoneos;
				SWIFT_ACTIVE_COMPILATION_CONDITIONS = DEBUG;
				SWIFT_OPTIMIZATION_LEVEL = "-Onone";
			};
			name = Debug;
		};
		BA59883221768F100065D77D /* Release */ = {
			isa = XCBuildConfiguration;
			buildSettings = {
				ALWAYS_SEARCH_USER_PATHS = NO;
				CLANG_ANALYZER_NONNULL = YES;
				CLANG_ANALYZER_NUMBER_OBJECT_CONVERSION = YES_AGGRESSIVE;
				CLANG_CXX_LANGUAGE_STANDARD = "gnu++14";
				CLANG_CXX_LIBRARY = "libc++";
				CLANG_ENABLE_MODULES = YES;
				CLANG_ENABLE_OBJC_ARC = YES;
				CLANG_ENABLE_OBJC_WEAK = YES;
				CLANG_WARN_BLOCK_CAPTURE_AUTORELEASING = YES;
				CLANG_WARN_BOOL_CONVERSION = YES;
				CLANG_WARN_COMMA = YES;
				CLANG_WARN_CONSTANT_CONVERSION = YES;
				CLANG_WARN_DEPRECATED_OBJC_IMPLEMENTATIONS = YES;
				CLANG_WARN_DIRECT_OBJC_ISA_USAGE = YES_ERROR;
				CLANG_WARN_DOCUMENTATION_COMMENTS = YES;
				CLANG_WARN_EMPTY_BODY = YES;
				CLANG_WARN_ENUM_CONVERSION = YES;
				CLANG_WARN_INFINITE_RECURSION = YES;
				CLANG_WARN_INT_CONVERSION = YES;
				CLANG_WARN_NON_LITERAL_NULL_CONVERSION = YES;
				CLANG_WARN_OBJC_IMPLICIT_RETAIN_SELF = YES;
				CLANG_WARN_OBJC_LITERAL_CONVERSION = YES;
				CLANG_WARN_OBJC_ROOT_CLASS = YES_ERROR;
				CLANG_WARN_RANGE_LOOP_ANALYSIS = YES;
				CLANG_WARN_STRICT_PROTOTYPES = YES;
				CLANG_WARN_SUSPICIOUS_MOVE = YES;
				CLANG_WARN_UNGUARDED_AVAILABILITY = YES_AGGRESSIVE;
				CLANG_WARN_UNREACHABLE_CODE = YES;
				CLANG_WARN__DUPLICATE_METHOD_MATCH = YES;
				CODE_SIGN_IDENTITY = "iPhone Developer";
				COPY_PHASE_STRIP = NO;
				DEBUG_INFORMATION_FORMAT = "dwarf-with-dsym";
				ENABLE_NS_ASSERTIONS = NO;
				ENABLE_STRICT_OBJC_MSGSEND = YES;
				GCC_C_LANGUAGE_STANDARD = gnu11;
				GCC_NO_COMMON_BLOCKS = YES;
				GCC_WARN_64_TO_32_BIT_CONVERSION = YES;
				GCC_WARN_ABOUT_RETURN_TYPE = YES_ERROR;
				GCC_WARN_UNDECLARED_SELECTOR = YES;
				GCC_WARN_UNINITIALIZED_AUTOS = YES_AGGRESSIVE;
				GCC_WARN_UNUSED_FUNCTION = YES;
				GCC_WARN_UNUSED_VARIABLE = YES;
				IPHONEOS_DEPLOYMENT_TARGET = 11.0;
				MTL_ENABLE_DEBUG_INFO = NO;
				MTL_FAST_MATH = YES;
				SDKROOT = iphoneos;
				SWIFT_COMPILATION_MODE = wholemodule;
				SWIFT_OPTIMIZATION_LEVEL = "-O";
				VALIDATE_PRODUCT = YES;
			};
			name = Release;
		};
		BA59883421768F100065D77D /* Debug */ = {
			isa = XCBuildConfiguration;
			baseConfigurationReference = 539569184D7B0A4E48707364 /* Pods-ForEvents.debug.xcconfig */;
			buildSettings = {
				ASSETCATALOG_COMPILER_APPICON_NAME = AppIcon;
				CODE_SIGN_ENTITLEMENTS = ForEvents/ForEvents.entitlements;
				CODE_SIGN_IDENTITY = "iPhone Developer";
				CODE_SIGN_STYLE = Automatic;
				DEVELOPMENT_TEAM = VJ3XGT65D5;
				INFOPLIST_FILE = ForEvents/Info.plist;
				LD_RUNPATH_SEARCH_PATHS = (
					"$(inherited)",
					"@executable_path/Frameworks",
				);
				PRODUCT_BUNDLE_IDENTIFIER = net.4events.ForEvents;
				PRODUCT_NAME = "$(TARGET_NAME)";
				PROVISIONING_PROFILE_SPECIFIER = "";
				SWIFT_VERSION = 4.2;
				TARGETED_DEVICE_FAMILY = "1,2";
			};
			name = Debug;
		};
		BA59883521768F100065D77D /* Release */ = {
			isa = XCBuildConfiguration;
			baseConfigurationReference = 94B2021C0C5DDA398A29DB0A /* Pods-ForEvents.release.xcconfig */;
			buildSettings = {
				ASSETCATALOG_COMPILER_APPICON_NAME = AppIcon;
				CODE_SIGN_ENTITLEMENTS = ForEvents/ForEvents.entitlements;
				CODE_SIGN_IDENTITY = "iPhone Developer";
				CODE_SIGN_STYLE = Automatic;
				DEVELOPMENT_TEAM = VJ3XGT65D5;
				INFOPLIST_FILE = ForEvents/Info.plist;
				LD_RUNPATH_SEARCH_PATHS = (
					"$(inherited)",
					"@executable_path/Frameworks",
				);
				PRODUCT_BUNDLE_IDENTIFIER = net.4events.ForEvents;
				PRODUCT_NAME = "$(TARGET_NAME)";
				PROVISIONING_PROFILE_SPECIFIER = "";
				SWIFT_VERSION = 4.2;
				TARGETED_DEVICE_FAMILY = "1,2";
			};
			name = Release;
		};
		BA59883721768F100065D77D /* Debug */ = {
			isa = XCBuildConfiguration;
			baseConfigurationReference = 5E5DCD5C58FDD8799D37E477 /* Pods-ForEventsTests.debug.xcconfig */;
			buildSettings = {
				ALWAYS_EMBED_SWIFT_STANDARD_LIBRARIES = YES;
				BUNDLE_LOADER = "$(TEST_HOST)";
				CODE_SIGN_STYLE = Automatic;
				INFOPLIST_FILE = ForEventsTests/Info.plist;
				LD_RUNPATH_SEARCH_PATHS = (
					"$(inherited)",
					"@executable_path/Frameworks",
					"@loader_path/Frameworks",
				);
				PRODUCT_BUNDLE_IDENTIFIER = net.4events.ForEventsTests;
				PRODUCT_NAME = "$(TARGET_NAME)";
				SWIFT_VERSION = 4.2;
				TARGETED_DEVICE_FAMILY = "1,2";
				TEST_HOST = "$(BUILT_PRODUCTS_DIR)/ForEvents.app/ForEvents";
			};
			name = Debug;
		};
		BA59883821768F100065D77D /* Release */ = {
			isa = XCBuildConfiguration;
			baseConfigurationReference = 576F42F5B34B733164B0D2E3 /* Pods-ForEventsTests.release.xcconfig */;
			buildSettings = {
				ALWAYS_EMBED_SWIFT_STANDARD_LIBRARIES = YES;
				BUNDLE_LOADER = "$(TEST_HOST)";
				CODE_SIGN_STYLE = Automatic;
				INFOPLIST_FILE = ForEventsTests/Info.plist;
				LD_RUNPATH_SEARCH_PATHS = (
					"$(inherited)",
					"@executable_path/Frameworks",
					"@loader_path/Frameworks",
				);
				PRODUCT_BUNDLE_IDENTIFIER = net.4events.ForEventsTests;
				PRODUCT_NAME = "$(TARGET_NAME)";
				SWIFT_VERSION = 4.2;
				TARGETED_DEVICE_FAMILY = "1,2";
				TEST_HOST = "$(BUILT_PRODUCTS_DIR)/ForEvents.app/ForEvents";
			};
			name = Release;
		};
/* End XCBuildConfiguration section */

/* Begin XCConfigurationList section */
		BA59881121768F0F0065D77D /* Build configuration list for PBXProject "ForEvents" */ = {
			isa = XCConfigurationList;
			buildConfigurations = (
				BA59883121768F100065D77D /* Debug */,
				BA59883221768F100065D77D /* Release */,
			);
			defaultConfigurationIsVisible = 0;
			defaultConfigurationName = Release;
		};
		BA59883321768F100065D77D /* Build configuration list for PBXNativeTarget "ForEvents" */ = {
			isa = XCConfigurationList;
			buildConfigurations = (
				BA59883421768F100065D77D /* Debug */,
				BA59883521768F100065D77D /* Release */,
			);
			defaultConfigurationIsVisible = 0;
			defaultConfigurationName = Release;
		};
		BA59883621768F100065D77D /* Build configuration list for PBXNativeTarget "ForEventsTests" */ = {
			isa = XCConfigurationList;
			buildConfigurations = (
				BA59883721768F100065D77D /* Debug */,
				BA59883821768F100065D77D /* Release */,
			);
			defaultConfigurationIsVisible = 0;
			defaultConfigurationName = Release;
		};
/* End XCConfigurationList section */
	};
	rootObject = BA59880E21768F0F0065D77D /* Project object */;
}
